// !$*UTF8*$!
{
	archiveVersion = 1;
	classes = {
	};
	objectVersion = 46;
	objects = {

/* Begin PBXBuildFile section */
		23074CA650B3CADFA092E7F0 /* Pods_Booru_chan.framework in Frameworks */ = {isa = PBXBuildFile; fileRef = 63DDEBE3407D49F095EA58A7 /* Pods_Booru_chan.framework */; };
		5D0202681CD8EE3300A6E5D5 /* BCGridStyleTagListTableViewItemData.swift in Sources */ = {isa = PBXBuildFile; fileRef = 5D0202671CD8EE3300A6E5D5 /* BCGridStyleTagListTableViewItemData.swift */; };
		5D02026A1CD8EEE000A6E5D5 /* BCGridStyleTagListTableViewController.swift in Sources */ = {isa = PBXBuildFile; fileRef = 5D0202691CD8EEE000A6E5D5 /* BCGridStyleTagListTableViewController.swift */; };
		5D02026C1CD8F22300A6E5D5 /* BCGridStyleTagListTableViewCellView.swift in Sources */ = {isa = PBXBuildFile; fileRef = 5D02026B1CD8F22300A6E5D5 /* BCGridStyleTagListTableViewCellView.swift */; };
		5D3288321CCE80D10029A57F /* BCActionOnScrollToBottomScrollView.swift in Sources */ = {isa = PBXBuildFile; fileRef = 5D3288311CCE80D10029A57F /* BCActionOnScrollToBottomScrollView.swift */; };
		5D3288351CCE95710029A57F /* BCPreferencesObject.swift in Sources */ = {isa = PBXBuildFile; fileRef = 5D3288341CCE95710029A57F /* BCPreferencesObject.swift */; };
		5D47F5E31CCFE54D00FF8AA9 /* BCBooruSearchTokenField.swift in Sources */ = {isa = PBXBuildFile; fileRef = 5D47F5E21CCFE54D00FF8AA9 /* BCBooruSearchTokenField.swift */; };
		5D71B4961CCC06EA0011C281 /* BCAppDelegate.swift in Sources */ = {isa = PBXBuildFile; fileRef = 5D71B4951CCC06EA0011C281 /* BCAppDelegate.swift */; };
		5D71B4981CCC06EA0011C281 /* BCViewController.swift in Sources */ = {isa = PBXBuildFile; fileRef = 5D71B4971CCC06EA0011C281 /* BCViewController.swift */; };
		5D71B49A1CCC06EA0011C281 /* Assets.xcassets in Resources */ = {isa = PBXBuildFile; fileRef = 5D71B4991CCC06EA0011C281 /* Assets.xcassets */; };
		5D71B49D1CCC06EA0011C281 /* Main.storyboard in Resources */ = {isa = PBXBuildFile; fileRef = 5D71B49B1CCC06EA0011C281 /* Main.storyboard */; };
		5D71B4A81CCC06EA0011C281 /* Booru_chanTests.swift in Sources */ = {isa = PBXBuildFile; fileRef = 5D71B4A71CCC06EA0011C281 /* Booru_chanTests.swift */; };
		5D71B4B31CCC06EA0011C281 /* Booru_chanUITests.swift in Sources */ = {isa = PBXBuildFile; fileRef = 5D71B4B21CCC06EA0011C281 /* Booru_chanUITests.swift */; };
		5D7CA38F1CCC0A8500B4A0A5 /* BCNoDividerSplitView.swift in Sources */ = {isa = PBXBuildFile; fileRef = 5D7CA38E1CCC0A8500B4A0A5 /* BCNoDividerSplitView.swift */; };
		5D7CA3911CCC0AFD00B4A0A5 /* BCAlwaysActiveViews.swift in Sources */ = {isa = PBXBuildFile; fileRef = 5D7CA3901CCC0AFD00B4A0A5 /* BCAlwaysActiveViews.swift */; };
		5D88CC0F1CCC133B001FF12E /* BCBooru.swift in Sources */ = {isa = PBXBuildFile; fileRef = 5D88CC0E1CCC133B001FF12E /* BCBooru.swift */; };
		5D88CC131CCC14DC001FF12E /* BCGridStyleViewController.swift in Sources */ = {isa = PBXBuildFile; fileRef = 5D88CC121CCC14DC001FF12E /* BCGridStyleViewController.swift */; };
		5D88CC151CCC177B001FF12E /* BCColoredView.swift in Sources */ = {isa = PBXBuildFile; fileRef = 5D88CC141CCC177B001FF12E /* BCColoredView.swift */; };
		5DAD29371CCD5EB300C3C747 /* BCBooruCollectionViewCollectionViewItem.swift in Sources */ = {isa = PBXBuildFile; fileRef = 5DAD29361CCD5EB300C3C747 /* BCBooruCollectionViewCollectionViewItem.swift */; };
		5DAD293A1CCD68CB00C3C747 /* BCRasterizedViews.swift in Sources */ = {isa = PBXBuildFile; fileRef = 5DAD29381CCD68CB00C3C747 /* BCRasterizedViews.swift */; };
		5DAD293D1CCD6AD400C3C747 /* BCBooruCollectionViewSelectionBox.swift in Sources */ = {isa = PBXBuildFile; fileRef = 5DAD293C1CCD6AD400C3C747 /* BCBooruCollectionViewSelectionBox.swift */; };
		5DBDDD121CD910C00086E61D /* BCExtensions.swift in Sources */ = {isa = PBXBuildFile; fileRef = 5DBDDD111CD910C00086E61D /* BCExtensions.swift */; };
/* End PBXBuildFile section */

/* Begin PBXContainerItemProxy section */
		5D71B4A41CCC06EA0011C281 /* PBXContainerItemProxy */ = {
			isa = PBXContainerItemProxy;
			containerPortal = 5D71B48A1CCC06EA0011C281 /* Project object */;
			proxyType = 1;
			remoteGlobalIDString = 5D71B4911CCC06EA0011C281;
			remoteInfo = "Booru-chan";
		};
		5D71B4AF1CCC06EA0011C281 /* PBXContainerItemProxy */ = {
			isa = PBXContainerItemProxy;
			containerPortal = 5D71B48A1CCC06EA0011C281 /* Project object */;
			proxyType = 1;
			remoteGlobalIDString = 5D71B4911CCC06EA0011C281;
			remoteInfo = "Booru-chan";
		};
/* End PBXContainerItemProxy section */

/* Begin PBXFileReference section */
		3D9D17B80249B87F2EBC4109 /* Pods-Booru-chan.debug.xcconfig */ = {isa = PBXFileReference; includeInIndex = 1; lastKnownFileType = text.xcconfig; name = "Pods-Booru-chan.debug.xcconfig"; path = "Pods/Target Support Files/Pods-Booru-chan/Pods-Booru-chan.debug.xcconfig"; sourceTree = "<group>"; };
		5D0202671CD8EE3300A6E5D5 /* BCGridStyleTagListTableViewItemData.swift */ = {isa = PBXFileReference; fileEncoding = 4; lastKnownFileType = sourcecode.swift; path = BCGridStyleTagListTableViewItemData.swift; sourceTree = "<group>"; };
		5D0202691CD8EEE000A6E5D5 /* BCGridStyleTagListTableViewController.swift */ = {isa = PBXFileReference; fileEncoding = 4; lastKnownFileType = sourcecode.swift; path = BCGridStyleTagListTableViewController.swift; sourceTree = "<group>"; };
		5D02026B1CD8F22300A6E5D5 /* BCGridStyleTagListTableViewCellView.swift */ = {isa = PBXFileReference; fileEncoding = 4; lastKnownFileType = sourcecode.swift; path = BCGridStyleTagListTableViewCellView.swift; sourceTree = "<group>"; };
		5D3288311CCE80D10029A57F /* BCActionOnScrollToBottomScrollView.swift */ = {isa = PBXFileReference; fileEncoding = 4; lastKnownFileType = sourcecode.swift; path = BCActionOnScrollToBottomScrollView.swift; sourceTree = "<group>"; };
		5D3288341CCE95710029A57F /* BCPreferencesObject.swift */ = {isa = PBXFileReference; fileEncoding = 4; lastKnownFileType = sourcecode.swift; path = BCPreferencesObject.swift; sourceTree = "<group>"; };
		5D47F5E21CCFE54D00FF8AA9 /* BCBooruSearchTokenField.swift */ = {isa = PBXFileReference; fileEncoding = 4; lastKnownFileType = sourcecode.swift; path = BCBooruSearchTokenField.swift; sourceTree = "<group>"; };
		5D71B4921CCC06EA0011C281 /* Booru-chan.app */ = {isa = PBXFileReference; explicitFileType = wrapper.application; includeInIndex = 0; path = "Booru-chan.app"; sourceTree = BUILT_PRODUCTS_DIR; };
		5D71B4951CCC06EA0011C281 /* BCAppDelegate.swift */ = {isa = PBXFileReference; lastKnownFileType = sourcecode.swift; path = BCAppDelegate.swift; sourceTree = "<group>"; };
		5D71B4971CCC06EA0011C281 /* BCViewController.swift */ = {isa = PBXFileReference; lastKnownFileType = sourcecode.swift; path = BCViewController.swift; sourceTree = "<group>"; };
		5D71B4991CCC06EA0011C281 /* Assets.xcassets */ = {isa = PBXFileReference; lastKnownFileType = folder.assetcatalog; path = Assets.xcassets; sourceTree = "<group>"; };
		5D71B49C1CCC06EA0011C281 /* Base */ = {isa = PBXFileReference; lastKnownFileType = file.storyboard; name = Base; path = Base.lproj/Main.storyboard; sourceTree = "<group>"; };
		5D71B49E1CCC06EA0011C281 /* Info.plist */ = {isa = PBXFileReference; lastKnownFileType = text.plist.xml; path = Info.plist; sourceTree = "<group>"; };
		5D71B4A31CCC06EA0011C281 /* Booru-chanTests.xctest */ = {isa = PBXFileReference; explicitFileType = wrapper.cfbundle; includeInIndex = 0; path = "Booru-chanTests.xctest"; sourceTree = BUILT_PRODUCTS_DIR; };
		5D71B4A71CCC06EA0011C281 /* Booru_chanTests.swift */ = {isa = PBXFileReference; lastKnownFileType = sourcecode.swift; path = Booru_chanTests.swift; sourceTree = "<group>"; };
		5D71B4A91CCC06EA0011C281 /* Info.plist */ = {isa = PBXFileReference; lastKnownFileType = text.plist.xml; path = Info.plist; sourceTree = "<group>"; };
		5D71B4AE1CCC06EA0011C281 /* Booru-chanUITests.xctest */ = {isa = PBXFileReference; explicitFileType = wrapper.cfbundle; includeInIndex = 0; path = "Booru-chanUITests.xctest"; sourceTree = BUILT_PRODUCTS_DIR; };
		5D71B4B21CCC06EA0011C281 /* Booru_chanUITests.swift */ = {isa = PBXFileReference; lastKnownFileType = sourcecode.swift; path = Booru_chanUITests.swift; sourceTree = "<group>"; };
		5D71B4B41CCC06EA0011C281 /* Info.plist */ = {isa = PBXFileReference; lastKnownFileType = text.plist.xml; path = Info.plist; sourceTree = "<group>"; };
		5D7CA38E1CCC0A8500B4A0A5 /* BCNoDividerSplitView.swift */ = {isa = PBXFileReference; fileEncoding = 4; lastKnownFileType = sourcecode.swift; path = BCNoDividerSplitView.swift; sourceTree = "<group>"; };
		5D7CA3901CCC0AFD00B4A0A5 /* BCAlwaysActiveViews.swift */ = {isa = PBXFileReference; fileEncoding = 4; lastKnownFileType = sourcecode.swift; path = BCAlwaysActiveViews.swift; sourceTree = "<group>"; };
		5D88CC0E1CCC133B001FF12E /* BCBooru.swift */ = {isa = PBXFileReference; fileEncoding = 4; lastKnownFileType = sourcecode.swift; name = BCBooru.swift; path = Assets.xcassets/BCBooru.swift; sourceTree = "<group>"; };
		5D88CC121CCC14DC001FF12E /* BCGridStyleViewController.swift */ = {isa = PBXFileReference; fileEncoding = 4; lastKnownFileType = sourcecode.swift; path = BCGridStyleViewController.swift; sourceTree = "<group>"; };
		5D88CC141CCC177B001FF12E /* BCColoredView.swift */ = {isa = PBXFileReference; fileEncoding = 4; lastKnownFileType = sourcecode.swift; path = BCColoredView.swift; sourceTree = "<group>"; };
		5DAD29361CCD5EB300C3C747 /* BCBooruCollectionViewCollectionViewItem.swift */ = {isa = PBXFileReference; fileEncoding = 4; lastKnownFileType = sourcecode.swift; path = BCBooruCollectionViewCollectionViewItem.swift; sourceTree = "<group>"; };
		5DAD29381CCD68CB00C3C747 /* BCRasterizedViews.swift */ = {isa = PBXFileReference; fileEncoding = 4; lastKnownFileType = sourcecode.swift; path = BCRasterizedViews.swift; sourceTree = "<group>"; };
		5DAD293C1CCD6AD400C3C747 /* BCBooruCollectionViewSelectionBox.swift */ = {isa = PBXFileReference; fileEncoding = 4; lastKnownFileType = sourcecode.swift; path = BCBooruCollectionViewSelectionBox.swift; sourceTree = "<group>"; };
		5DBDDD111CD910C00086E61D /* BCExtensions.swift */ = {isa = PBXFileReference; fileEncoding = 4; lastKnownFileType = sourcecode.swift; path = BCExtensions.swift; sourceTree = "<group>"; };
		63DDEBE3407D49F095EA58A7 /* Pods_Booru_chan.framework */ = {isa = PBXFileReference; explicitFileType = wrapper.framework; includeInIndex = 0; path = Pods_Booru_chan.framework; sourceTree = BUILT_PRODUCTS_DIR; };
		9E3F5A8DA46E4230E39B12F3 /* Pods-Booru-chan.release.xcconfig */ = {isa = PBXFileReference; includeInIndex = 1; lastKnownFileType = text.xcconfig; name = "Pods-Booru-chan.release.xcconfig"; path = "Pods/Target Support Files/Pods-Booru-chan/Pods-Booru-chan.release.xcconfig"; sourceTree = "<group>"; };
/* End PBXFileReference section */

/* Begin PBXFrameworksBuildPhase section */
		5D71B48F1CCC06EA0011C281 /* Frameworks */ = {
			isa = PBXFrameworksBuildPhase;
			buildActionMask = 2147483647;
			files = (
				23074CA650B3CADFA092E7F0 /* Pods_Booru_chan.framework in Frameworks */,
			);
			runOnlyForDeploymentPostprocessing = 0;
		};
		5D71B4A01CCC06EA0011C281 /* Frameworks */ = {
			isa = PBXFrameworksBuildPhase;
			buildActionMask = 2147483647;
			files = (
			);
			runOnlyForDeploymentPostprocessing = 0;
		};
		5D71B4AB1CCC06EA0011C281 /* Frameworks */ = {
			isa = PBXFrameworksBuildPhase;
			buildActionMask = 2147483647;
			files = (
			);
			runOnlyForDeploymentPostprocessing = 0;
		};
/* End PBXFrameworksBuildPhase section */

/* Begin PBXGroup section */
		427D520B6B9C276704604F94 /* Pods */ = {
			isa = PBXGroup;
			children = (
				3D9D17B80249B87F2EBC4109 /* Pods-Booru-chan.debug.xcconfig */,
				9E3F5A8DA46E4230E39B12F3 /* Pods-Booru-chan.release.xcconfig */,
			);
			name = Pods;
			sourceTree = "<group>";
		};
		5D3288331CCE95580029A57F /* Objects */ = {
			isa = PBXGroup;
			children = (
				5D3288341CCE95710029A57F /* BCPreferencesObject.swift */,
				5D0202671CD8EE3300A6E5D5 /* BCGridStyleTagListTableViewItemData.swift */,
			);
			name = Objects;
			sourceTree = "<group>";
		};
		5D71B4891CCC06EA0011C281 = {
			isa = PBXGroup;
			children = (
				5D71B4941CCC06EA0011C281 /* Booru-chan */,
				5D71B4A61CCC06EA0011C281 /* Booru-chanTests */,
				5D71B4B11CCC06EA0011C281 /* Booru-chanUITests */,
				5D71B4931CCC06EA0011C281 /* Products */,
				427D520B6B9C276704604F94 /* Pods */,
				706F26A406A7FB0C802654CB /* Frameworks */,
			);
			sourceTree = "<group>";
		};
		5D71B4931CCC06EA0011C281 /* Products */ = {
			isa = PBXGroup;
			children = (
				5D71B4921CCC06EA0011C281 /* Booru-chan.app */,
				5D71B4A31CCC06EA0011C281 /* Booru-chanTests.xctest */,
				5D71B4AE1CCC06EA0011C281 /* Booru-chanUITests.xctest */,
			);
			name = Products;
			sourceTree = "<group>";
		};
		5D71B4941CCC06EA0011C281 /* Booru-chan */ = {
			isa = PBXGroup;
			children = (
				5D71B4951CCC06EA0011C281 /* BCAppDelegate.swift */,
				5D71B4971CCC06EA0011C281 /* BCViewController.swift */,
				5D7CA38D1CCC0A6E00B4A0A5 /* Storyboards */,
				5D3288331CCE95580029A57F /* Objects */,
				5D7CA38C1CCC0A6800B4A0A5 /* Views */,
				5D7CA3921CCC128C00B4A0A5 /* Utilities */,
				5D88CC101CCC14B2001FF12E /* Controllers */,
				5D71B4991CCC06EA0011C281 /* Assets.xcassets */,
				5D71B49E1CCC06EA0011C281 /* Info.plist */,
			);
			path = "Booru-chan";
			sourceTree = "<group>";
		};
		5D71B4A61CCC06EA0011C281 /* Booru-chanTests */ = {
			isa = PBXGroup;
			children = (
				5D71B4A71CCC06EA0011C281 /* Booru_chanTests.swift */,
				5D71B4A91CCC06EA0011C281 /* Info.plist */,
			);
			path = "Booru-chanTests";
			sourceTree = "<group>";
		};
		5D71B4B11CCC06EA0011C281 /* Booru-chanUITests */ = {
			isa = PBXGroup;
			children = (
				5D71B4B21CCC06EA0011C281 /* Booru_chanUITests.swift */,
				5D71B4B41CCC06EA0011C281 /* Info.plist */,
			);
			path = "Booru-chanUITests";
			sourceTree = "<group>";
		};
		5D7CA38C1CCC0A6800B4A0A5 /* Views */ = {
			isa = PBXGroup;
			children = (
				5D7CA38E1CCC0A8500B4A0A5 /* BCNoDividerSplitView.swift */,
				5D7CA3901CCC0AFD00B4A0A5 /* BCAlwaysActiveViews.swift */,
				5D88CC141CCC177B001FF12E /* BCColoredView.swift */,
				5DAD29381CCD68CB00C3C747 /* BCRasterizedViews.swift */,
				5DAD293C1CCD6AD400C3C747 /* BCBooruCollectionViewSelectionBox.swift */,
				5D3288311CCE80D10029A57F /* BCActionOnScrollToBottomScrollView.swift */,
				5D47F5E21CCFE54D00FF8AA9 /* BCBooruSearchTokenField.swift */,
			);
			name = Views;
			sourceTree = "<group>";
		};
		5D7CA38D1CCC0A6E00B4A0A5 /* Storyboards */ = {
			isa = PBXGroup;
			children = (
				5D71B49B1CCC06EA0011C281 /* Main.storyboard */,
			);
			name = Storyboards;
			sourceTree = "<group>";
		};
		5D7CA3921CCC128C00B4A0A5 /* Utilities */ = {
			isa = PBXGroup;
			children = (
				5D88CC0E1CCC133B001FF12E /* BCBooru.swift */,
				5DBDDD111CD910C00086E61D /* BCExtensions.swift */,
			);
			name = Utilities;
			sourceTree = "<group>";
		};
		5D88CC101CCC14B2001FF12E /* Controllers */ = {
			isa = PBXGroup;
			children = (
				5D88CC111CCC14C1001FF12E /* Grid Style Controller */,
			);
			name = Controllers;
			sourceTree = "<group>";
		};
		5D88CC111CCC14C1001FF12E /* Grid Style Controller */ = {
			isa = PBXGroup;
			children = (
				5D88CC121CCC14DC001FF12E /* BCGridStyleViewController.swift */,
				5DAD29361CCD5EB300C3C747 /* BCBooruCollectionViewCollectionViewItem.swift */,
				5D0202691CD8EEE000A6E5D5 /* BCGridStyleTagListTableViewController.swift */,
				5D02026B1CD8F22300A6E5D5 /* BCGridStyleTagListTableViewCellView.swift */,
			);
			name = "Grid Style Controller";
			sourceTree = "<group>";
		};
		706F26A406A7FB0C802654CB /* Frameworks */ = {
			isa = PBXGroup;
			children = (
				63DDEBE3407D49F095EA58A7 /* Pods_Booru_chan.framework */,
			);
			name = Frameworks;
			sourceTree = "<group>";
		};
/* End PBXGroup section */

/* Begin PBXNativeTarget section */
		5D71B4911CCC06EA0011C281 /* Booru-chan */ = {
			isa = PBXNativeTarget;
			buildConfigurationList = 5D71B4B71CCC06EA0011C281 /* Build configuration list for PBXNativeTarget "Booru-chan" */;
			buildPhases = (
				F863EFE697E50FD42310BA85 /* Check Pods Manifest.lock */,
				5D71B48E1CCC06EA0011C281 /* Sources */,
				5D71B48F1CCC06EA0011C281 /* Frameworks */,
				5D71B4901CCC06EA0011C281 /* Resources */,
				91F7006CD292E930D25218FD /* Embed Pods Frameworks */,
				90AE52B8B5D5745200A87435 /* Copy Pods Resources */,
			);
			buildRules = (
			);
			dependencies = (
			);
			name = "Booru-chan";
			productName = "Booru-chan";
			productReference = 5D71B4921CCC06EA0011C281 /* Booru-chan.app */;
			productType = "com.apple.product-type.application";
		};
		5D71B4A21CCC06EA0011C281 /* Booru-chanTests */ = {
			isa = PBXNativeTarget;
			buildConfigurationList = 5D71B4BA1CCC06EA0011C281 /* Build configuration list for PBXNativeTarget "Booru-chanTests" */;
			buildPhases = (
				5D71B49F1CCC06EA0011C281 /* Sources */,
				5D71B4A01CCC06EA0011C281 /* Frameworks */,
				5D71B4A11CCC06EA0011C281 /* Resources */,
			);
			buildRules = (
			);
			dependencies = (
				5D71B4A51CCC06EA0011C281 /* PBXTargetDependency */,
			);
			name = "Booru-chanTests";
			productName = "Booru-chanTests";
			productReference = 5D71B4A31CCC06EA0011C281 /* Booru-chanTests.xctest */;
			productType = "com.apple.product-type.bundle.unit-test";
		};
		5D71B4AD1CCC06EA0011C281 /* Booru-chanUITests */ = {
			isa = PBXNativeTarget;
			buildConfigurationList = 5D71B4BD1CCC06EA0011C281 /* Build configuration list for PBXNativeTarget "Booru-chanUITests" */;
			buildPhases = (
				5D71B4AA1CCC06EA0011C281 /* Sources */,
				5D71B4AB1CCC06EA0011C281 /* Frameworks */,
				5D71B4AC1CCC06EA0011C281 /* Resources */,
			);
			buildRules = (
			);
			dependencies = (
				5D71B4B01CCC06EA0011C281 /* PBXTargetDependency */,
			);
			name = "Booru-chanUITests";
			productName = "Booru-chanUITests";
			productReference = 5D71B4AE1CCC06EA0011C281 /* Booru-chanUITests.xctest */;
			productType = "com.apple.product-type.bundle.ui-testing";
		};
/* End PBXNativeTarget section */

/* Begin PBXProject section */
		5D71B48A1CCC06EA0011C281 /* Project object */ = {
			isa = PBXProject;
			attributes = {
				LastSwiftUpdateCheck = 0720;
				LastUpgradeCheck = 0720;
				ORGANIZATIONNAME = DrabWeb;
				TargetAttributes = {
					5D71B4911CCC06EA0011C281 = {
						CreatedOnToolsVersion = 7.2;
					};
					5D71B4A21CCC06EA0011C281 = {
						CreatedOnToolsVersion = 7.2;
						TestTargetID = 5D71B4911CCC06EA0011C281;
					};
					5D71B4AD1CCC06EA0011C281 = {
						CreatedOnToolsVersion = 7.2;
						TestTargetID = 5D71B4911CCC06EA0011C281;
					};
				};
			};
			buildConfigurationList = 5D71B48D1CCC06EA0011C281 /* Build configuration list for PBXProject "Booru-chan" */;
			compatibilityVersion = "Xcode 3.2";
			developmentRegion = English;
			hasScannedForEncodings = 0;
			knownRegions = (
				en,
				Base,
			);
			mainGroup = 5D71B4891CCC06EA0011C281;
			productRefGroup = 5D71B4931CCC06EA0011C281 /* Products */;
			projectDirPath = "";
			projectRoot = "";
			targets = (
				5D71B4911CCC06EA0011C281 /* Booru-chan */,
				5D71B4A21CCC06EA0011C281 /* Booru-chanTests */,
				5D71B4AD1CCC06EA0011C281 /* Booru-chanUITests */,
			);
		};
/* End PBXProject section */

/* Begin PBXResourcesBuildPhase section */
		5D71B4901CCC06EA0011C281 /* Resources */ = {
			isa = PBXResourcesBuildPhase;
			buildActionMask = 2147483647;
			files = (
				5D71B49A1CCC06EA0011C281 /* Assets.xcassets in Resources */,
				5D71B49D1CCC06EA0011C281 /* Main.storyboard in Resources */,
			);
			runOnlyForDeploymentPostprocessing = 0;
		};
		5D71B4A11CCC06EA0011C281 /* Resources */ = {
			isa = PBXResourcesBuildPhase;
			buildActionMask = 2147483647;
			files = (
			);
			runOnlyForDeploymentPostprocessing = 0;
		};
		5D71B4AC1CCC06EA0011C281 /* Resources */ = {
			isa = PBXResourcesBuildPhase;
			buildActionMask = 2147483647;
			files = (
			);
			runOnlyForDeploymentPostprocessing = 0;
		};
/* End PBXResourcesBuildPhase section */

/* Begin PBXShellScriptBuildPhase section */
		90AE52B8B5D5745200A87435 /* Copy Pods Resources */ = {
			isa = PBXShellScriptBuildPhase;
			buildActionMask = 2147483647;
			files = (
			);
			inputPaths = (
			);
			name = "Copy Pods Resources";
			outputPaths = (
			);
			runOnlyForDeploymentPostprocessing = 0;
			shellPath = /bin/sh;
			shellScript = "\"${SRCROOT}/Pods/Target Support Files/Pods-Booru-chan/Pods-Booru-chan-resources.sh\"\n";
			showEnvVarsInLog = 0;
		};
		91F7006CD292E930D25218FD /* Embed Pods Frameworks */ = {
			isa = PBXShellScriptBuildPhase;
			buildActionMask = 2147483647;
			files = (
			);
			inputPaths = (
			);
			name = "Embed Pods Frameworks";
			outputPaths = (
			);
			runOnlyForDeploymentPostprocessing = 0;
			shellPath = /bin/sh;
			shellScript = "\"${SRCROOT}/Pods/Target Support Files/Pods-Booru-chan/Pods-Booru-chan-frameworks.sh\"\n";
			showEnvVarsInLog = 0;
		};
		F863EFE697E50FD42310BA85 /* Check Pods Manifest.lock */ = {
			isa = PBXShellScriptBuildPhase;
			buildActionMask = 2147483647;
			files = (
			);
			inputPaths = (
			);
			name = "Check Pods Manifest.lock";
			outputPaths = (
			);
			runOnlyForDeploymentPostprocessing = 0;
			shellPath = /bin/sh;
			shellScript = "diff \"${PODS_ROOT}/../Podfile.lock\" \"${PODS_ROOT}/Manifest.lock\" > /dev/null\nif [[ $? != 0 ]] ; then\n    cat << EOM\nerror: The sandbox is not in sync with the Podfile.lock. Run 'pod install' or update your CocoaPods installation.\nEOM\n    exit 1\nfi\n";
			showEnvVarsInLog = 0;
		};
/* End PBXShellScriptBuildPhase section */

/* Begin PBXSourcesBuildPhase section */
		5D71B48E1CCC06EA0011C281 /* Sources */ = {
			isa = PBXSourcesBuildPhase;
			buildActionMask = 2147483647;
			files = (
				5D71B4981CCC06EA0011C281 /* BCViewController.swift in Sources */,
				5DAD29371CCD5EB300C3C747 /* BCBooruCollectionViewCollectionViewItem.swift in Sources */,
				5D3288351CCE95710029A57F /* BCPreferencesObject.swift in Sources */,
				5D71B4961CCC06EA0011C281 /* BCAppDelegate.swift in Sources */,
				5D02026A1CD8EEE000A6E5D5 /* BCGridStyleTagListTableViewController.swift in Sources */,
				5D47F5E31CCFE54D00FF8AA9 /* BCBooruSearchTokenField.swift in Sources */,
				5D02026C1CD8F22300A6E5D5 /* BCGridStyleTagListTableViewCellView.swift in Sources */,
				5D3288321CCE80D10029A57F /* BCActionOnScrollToBottomScrollView.swift in Sources */,
				5D88CC151CCC177B001FF12E /* BCColoredView.swift in Sources */,
				5DAD293D1CCD6AD400C3C747 /* BCBooruCollectionViewSelectionBox.swift in Sources */,
				5D0202681CD8EE3300A6E5D5 /* BCGridStyleTagListTableViewItemData.swift in Sources */,
				5D88CC0F1CCC133B001FF12E /* BCBooru.swift in Sources */,
				5D88CC131CCC14DC001FF12E /* BCGridStyleViewController.swift in Sources */,
				5DBDDD121CD910C00086E61D /* BCExtensions.swift in Sources */,
				5D7CA38F1CCC0A8500B4A0A5 /* BCNoDividerSplitView.swift in Sources */,
				5D7CA3911CCC0AFD00B4A0A5 /* BCAlwaysActiveViews.swift in Sources */,
				5DAD293A1CCD68CB00C3C747 /* BCRasterizedViews.swift in Sources */,
			);
			runOnlyForDeploymentPostprocessing = 0;
		};
		5D71B49F1CCC06EA0011C281 /* Sources */ = {
			isa = PBXSourcesBuildPhase;
			buildActionMask = 2147483647;
			files = (
				5D71B4A81CCC06EA0011C281 /* Booru_chanTests.swift in Sources */,
			);
			runOnlyForDeploymentPostprocessing = 0;
		};
		5D71B4AA1CCC06EA0011C281 /* Sources */ = {
			isa = PBXSourcesBuildPhase;
			buildActionMask = 2147483647;
			files = (
				5D71B4B31CCC06EA0011C281 /* Booru_chanUITests.swift in Sources */,
			);
			runOnlyForDeploymentPostprocessing = 0;
		};
/* End PBXSourcesBuildPhase section */

/* Begin PBXTargetDependency section */
		5D71B4A51CCC06EA0011C281 /* PBXTargetDependency */ = {
			isa = PBXTargetDependency;
			target = 5D71B4911CCC06EA0011C281 /* Booru-chan */;
			targetProxy = 5D71B4A41CCC06EA0011C281 /* PBXContainerItemProxy */;
		};
		5D71B4B01CCC06EA0011C281 /* PBXTargetDependency */ = {
			isa = PBXTargetDependency;
			target = 5D71B4911CCC06EA0011C281 /* Booru-chan */;
			targetProxy = 5D71B4AF1CCC06EA0011C281 /* PBXContainerItemProxy */;
		};
/* End PBXTargetDependency section */

/* Begin PBXVariantGroup section */
		5D71B49B1CCC06EA0011C281 /* Main.storyboard */ = {
			isa = PBXVariantGroup;
			children = (
				5D71B49C1CCC06EA0011C281 /* Base */,
			);
			name = Main.storyboard;
			sourceTree = "<group>";
		};
/* End PBXVariantGroup section */

/* Begin XCBuildConfiguration section */
		5D71B4B51CCC06EA0011C281 /* Debug */ = {
			isa = XCBuildConfiguration;
			buildSettings = {
				ALWAYS_SEARCH_USER_PATHS = NO;
				CLANG_CXX_LANGUAGE_STANDARD = "gnu++0x";
				CLANG_CXX_LIBRARY = "libc++";
				CLANG_ENABLE_MODULES = YES;
				CLANG_ENABLE_OBJC_ARC = YES;
				CLANG_WARN_BOOL_CONVERSION = YES;
				CLANG_WARN_CONSTANT_CONVERSION = YES;
				CLANG_WARN_DIRECT_OBJC_ISA_USAGE = YES_ERROR;
				CLANG_WARN_EMPTY_BODY = YES;
				CLANG_WARN_ENUM_CONVERSION = YES;
				CLANG_WARN_INT_CONVERSION = YES;
				CLANG_WARN_OBJC_ROOT_CLASS = YES_ERROR;
				CLANG_WARN_UNREACHABLE_CODE = YES;
				CLANG_WARN__DUPLICATE_METHOD_MATCH = YES;
				CODE_SIGN_IDENTITY = "-";
				COPY_PHASE_STRIP = NO;
				DEBUG_INFORMATION_FORMAT = dwarf;
				ENABLE_STRICT_OBJC_MSGSEND = YES;
				ENABLE_TESTABILITY = YES;
				GCC_C_LANGUAGE_STANDARD = gnu99;
				GCC_DYNAMIC_NO_PIC = NO;
				GCC_NO_COMMON_BLOCKS = YES;
				GCC_OPTIMIZATION_LEVEL = 0;
				GCC_PREPROCESSOR_DEFINITIONS = (
					"DEBUG=1",
					"$(inherited)",
				);
				GCC_WARN_64_TO_32_BIT_CONVERSION = YES;
				GCC_WARN_ABOUT_RETURN_TYPE = YES_ERROR;
				GCC_WARN_UNDECLARED_SELECTOR = YES;
				GCC_WARN_UNINITIALIZED_AUTOS = YES_AGGRESSIVE;
				GCC_WARN_UNUSED_FUNCTION = YES;
				GCC_WARN_UNUSED_VARIABLE = YES;
				MACOSX_DEPLOYMENT_TARGET = 10.11;
				MTL_ENABLE_DEBUG_INFO = YES;
				ONLY_ACTIVE_ARCH = YES;
				SDKROOT = macosx;
				SWIFT_OPTIMIZATION_LEVEL = "-Onone";
			};
			name = Debug;
		};
		5D71B4B61CCC06EA0011C281 /* Release */ = {
			isa = XCBuildConfiguration;
			buildSettings = {
				ALWAYS_SEARCH_USER_PATHS = NO;
				CLANG_CXX_LANGUAGE_STANDARD = "gnu++0x";
				CLANG_CXX_LIBRARY = "libc++";
				CLANG_ENABLE_MODULES = YES;
				CLANG_ENABLE_OBJC_ARC = YES;
				CLANG_WARN_BOOL_CONVERSION = YES;
				CLANG_WARN_CONSTANT_CONVERSION = YES;
				CLANG_WARN_DIRECT_OBJC_ISA_USAGE = YES_ERROR;
				CLANG_WARN_EMPTY_BODY = YES;
				CLANG_WARN_ENUM_CONVERSION = YES;
				CLANG_WARN_INT_CONVERSION = YES;
				CLANG_WARN_OBJC_ROOT_CLASS = YES_ERROR;
				CLANG_WARN_UNREACHABLE_CODE = YES;
				CLANG_WARN__DUPLICATE_METHOD_MATCH = YES;
				CODE_SIGN_IDENTITY = "-";
				COPY_PHASE_STRIP = NO;
				DEBUG_INFORMATION_FORMAT = "dwarf-with-dsym";
				ENABLE_NS_ASSERTIONS = NO;
				ENABLE_STRICT_OBJC_MSGSEND = YES;
				GCC_C_LANGUAGE_STANDARD = gnu99;
				GCC_NO_COMMON_BLOCKS = YES;
				GCC_WARN_64_TO_32_BIT_CONVERSION = YES;
				GCC_WARN_ABOUT_RETURN_TYPE = YES_ERROR;
				GCC_WARN_UNDECLARED_SELECTOR = YES;
				GCC_WARN_UNINITIALIZED_AUTOS = YES_AGGRESSIVE;
				GCC_WARN_UNUSED_FUNCTION = YES;
				GCC_WARN_UNUSED_VARIABLE = YES;
				MACOSX_DEPLOYMENT_TARGET = 10.11;
				MTL_ENABLE_DEBUG_INFO = NO;
				SDKROOT = macosx;
			};
			name = Release;
		};
		5D71B4B81CCC06EA0011C281 /* Debug */ = {
			isa = XCBuildConfiguration;
			baseConfigurationReference = 3D9D17B80249B87F2EBC4109 /* Pods-Booru-chan.debug.xcconfig */;
			buildSettings = {
				ASSETCATALOG_COMPILER_APPICON_NAME = AppIcon;
				COMBINE_HIDPI_IMAGES = YES;
				INFOPLIST_FILE = "Booru-chan/Info.plist";
				LD_RUNPATH_SEARCH_PATHS = "$(inherited) @executable_path/../Frameworks";
				MACOSX_DEPLOYMENT_TARGET = 10.10;
				PRODUCT_BUNDLE_IDENTIFIER = "drabweb.Booru-chan";
				PRODUCT_NAME = "$(TARGET_NAME)";
			};
			name = Debug;
		};
		5D71B4B91CCC06EA0011C281 /* Release */ = {
			isa = XCBuildConfiguration;
			baseConfigurationReference = 9E3F5A8DA46E4230E39B12F3 /* Pods-Booru-chan.release.xcconfig */;
			buildSettings = {
				ASSETCATALOG_COMPILER_APPICON_NAME = AppIcon;
				COMBINE_HIDPI_IMAGES = YES;
				INFOPLIST_FILE = "Booru-chan/Info.plist";
				LD_RUNPATH_SEARCH_PATHS = "$(inherited) @executable_path/../Frameworks";
				MACOSX_DEPLOYMENT_TARGET = 10.10;
				PRODUCT_BUNDLE_IDENTIFIER = "drabweb.Booru-chan";
				PRODUCT_NAME = "$(TARGET_NAME)";
			};
			name = Release;
		};
		5D71B4BB1CCC06EA0011C281 /* Debug */ = {
			isa = XCBuildConfiguration;
			buildSettings = {
				BUNDLE_LOADER = "$(TEST_HOST)";
				COMBINE_HIDPI_IMAGES = YES;
				INFOPLIST_FILE = "Booru-chanTests/Info.plist";
				LD_RUNPATH_SEARCH_PATHS = "$(inherited) @executable_path/../Frameworks @loader_path/../Frameworks";
				PRODUCT_BUNDLE_IDENTIFIER = "drabweb.Booru-chanTests";
				PRODUCT_NAME = "$(TARGET_NAME)";
				TEST_HOST = "$(BUILT_PRODUCTS_DIR)/Booru-chan.app/Contents/MacOS/Booru-chan";
			};
			name = Debug;
		};
		5D71B4BC1CCC06EA0011C281 /* Release */ = {
			isa = XCBuildConfiguration;
			buildSettings = {
				BUNDLE_LOADER = "$(TEST_HOST)";
				COMBINE_HIDPI_IMAGES = YES;
				INFOPLIST_FILE = "Booru-chanTests/Info.plist";
				LD_RUNPATH_SEARCH_PATHS = "$(inherited) @executable_path/../Frameworks @loader_path/../Frameworks";
				PRODUCT_BUNDLE_IDENTIFIER = "drabweb.Booru-chanTests";
				PRODUCT_NAME = "$(TARGET_NAME)";
				TEST_HOST = "$(BUILT_PRODUCTS_DIR)/Booru-chan.app/Contents/MacOS/Booru-chan";
			};
			name = Release;
		};
		5D71B4BE1CCC06EA0011C281 /* Debug */ = {
			isa = XCBuildConfiguration;
			buildSettings = {
				COMBINE_HIDPI_IMAGES = YES;
				INFOPLIST_FILE = "Booru-chanUITests/Info.plist";
				LD_RUNPATH_SEARCH_PATHS = "$(inherited) @executable_path/../Frameworks @loader_path/../Frameworks";
				PRODUCT_BUNDLE_IDENTIFIER = "drabweb.Booru-chanUITests";
				PRODUCT_NAME = "$(TARGET_NAME)";
				TEST_TARGET_NAME = "Booru-chan";
				USES_XCTRUNNER = YES;
			};
			name = Debug;
		};
		5D71B4BF1CCC06EA0011C281 /* Release */ = {
			isa = XCBuildConfiguration;
			buildSettings = {
				COMBINE_HIDPI_IMAGES = YES;
				INFOPLIST_FILE = "Booru-chanUITests/Info.plist";
				LD_RUNPATH_SEARCH_PATHS = "$(inherited) @executable_path/../Frameworks @loader_path/../Frameworks";
				PRODUCT_BUNDLE_IDENTIFIER = "drabweb.Booru-chanUITests";
				PRODUCT_NAME = "$(TARGET_NAME)";
				TEST_TARGET_NAME = "Booru-chan";
				USES_XCTRUNNER = YES;
			};
			name = Release;
		};
/* End XCBuildConfiguration section */

/* Begin XCConfigurationList section */
		5D71B48D1CCC06EA0011C281 /* Build configuration list for PBXProject "Booru-chan" */ = {
			isa = XCConfigurationList;
			buildConfigurations = (
				5D71B4B51CCC06EA0011C281 /* Debug */,
				5D71B4B61CCC06EA0011C281 /* Release */,
			);
			defaultConfigurationIsVisible = 0;
			defaultConfigurationName = Release;
		};
		5D71B4B71CCC06EA0011C281 /* Build configuration list for PBXNativeTarget "Booru-chan" */ = {
			isa = XCConfigurationList;
			buildConfigurations = (
				5D71B4B81CCC06EA0011C281 /* Debug */,
				5D71B4B91CCC06EA0011C281 /* Release */,
			);
			defaultConfigurationIsVisible = 0;
			defaultConfigurationName = Release;
		};
		5D71B4BA1CCC06EA0011C281 /* Build configuration list for PBXNativeTarget "Booru-chanTests" */ = {
			isa = XCConfigurationList;
			buildConfigurations = (
				5D71B4BB1CCC06EA0011C281 /* Debug */,
				5D71B4BC1CCC06EA0011C281 /* Release */,
			);
			defaultConfigurationIsVisible = 0;
			defaultConfigurationName = Release;
		};
		5D71B4BD1CCC06EA0011C281 /* Build configuration list for PBXNativeTarget "Booru-chanUITests" */ = {
			isa = XCConfigurationList;
			buildConfigurations = (
				5D71B4BE1CCC06EA0011C281 /* Debug */,
				5D71B4BF1CCC06EA0011C281 /* Release */,
			);
			defaultConfigurationIsVisible = 0;
			defaultConfigurationName = Release;
		};
/* End XCConfigurationList section */
	};
	rootObject = 5D71B48A1CCC06EA0011C281 /* Project object */;
}
