// !$*UTF8*$!
{
	archiveVersion = 1;
	classes = {
	};
	objectVersion = 46;
	objects = {

/* Begin PBXBuildFile section */
		13647380ADB5DF7F2E179436 /* Pods_Booru_chanUITests.framework in Frameworks */ = {isa = PBXBuildFile; fileRef = C0C9F1C05F609B24EF821597 /* Pods_Booru_chanUITests.framework */; };
		5D0202681CD8EE3300A6E5D5 /* TagListTableViewData.swift in Sources */ = {isa = PBXBuildFile; fileRef = 5D0202671CD8EE3300A6E5D5 /* TagListTableViewData.swift */; };
		5D02026A1CD8EEE000A6E5D5 /* TagListTableViewController.swift in Sources */ = {isa = PBXBuildFile; fileRef = 5D0202691CD8EEE000A6E5D5 /* TagListTableViewController.swift */; };
		5D02026C1CD8F22300A6E5D5 /* TagListTableViewCell.swift in Sources */ = {isa = PBXBuildFile; fileRef = 5D02026B1CD8F22300A6E5D5 /* TagListTableViewCell.swift */; };
		5D1CC5881DC591C100E3988D /* ScaleToFitContentTokenField.swift in Sources */ = {isa = PBXBuildFile; fileRef = 5D1CC5871DC591C100E3988D /* ScaleToFitContentTokenField.swift */; };
		5D3288321CCE80D10029A57F /* BottomActionScrollView.swift in Sources */ = {isa = PBXBuildFile; fileRef = 5D3288311CCE80D10029A57F /* BottomActionScrollView.swift */; };
		5D3288351CCE95710029A57F /* PreferencesObject.swift in Sources */ = {isa = PBXBuildFile; fileRef = 5D3288341CCE95710029A57F /* PreferencesObject.swift */; };
		5D47F5E31CCFE54D00FF8AA9 /* BooruSearchTokenField.swift in Sources */ = {isa = PBXBuildFile; fileRef = 5D47F5E21CCFE54D00FF8AA9 /* BooruSearchTokenField.swift */; };
		5D71B4961CCC06EA0011C281 /* AppDelegate.swift in Sources */ = {isa = PBXBuildFile; fileRef = 5D71B4951CCC06EA0011C281 /* AppDelegate.swift */; };
		5D71B4981CCC06EA0011C281 /* BooruViewController.swift in Sources */ = {isa = PBXBuildFile; fileRef = 5D71B4971CCC06EA0011C281 /* BooruViewController.swift */; };
		5D71B49A1CCC06EA0011C281 /* Assets.xcassets in Resources */ = {isa = PBXBuildFile; fileRef = 5D71B4991CCC06EA0011C281 /* Assets.xcassets */; };
		5D71B49D1CCC06EA0011C281 /* Main.storyboard in Resources */ = {isa = PBXBuildFile; fileRef = 5D71B49B1CCC06EA0011C281 /* Main.storyboard */; };
		5D71B4A81CCC06EA0011C281 /* Booru_chanTests.swift in Sources */ = {isa = PBXBuildFile; fileRef = 5D71B4A71CCC06EA0011C281 /* Booru_chanTests.swift */; };
		5D71B4B31CCC06EA0011C281 /* Booru_chanUITests.swift in Sources */ = {isa = PBXBuildFile; fileRef = 5D71B4B21CCC06EA0011C281 /* Booru_chanUITests.swift */; };
		5D7CA38F1CCC0A8500B4A0A5 /* NoDividerSplitView.swift in Sources */ = {isa = PBXBuildFile; fileRef = 5D7CA38E1CCC0A8500B4A0A5 /* NoDividerSplitView.swift */; };
		5D7CA3911CCC0AFD00B4A0A5 /* AlwaysActiveViews.swift in Sources */ = {isa = PBXBuildFile; fileRef = 5D7CA3901CCC0AFD00B4A0A5 /* AlwaysActiveViews.swift */; };
		5D88CC0F1CCC133B001FF12E /* Booru.swift in Sources */ = {isa = PBXBuildFile; fileRef = 5D88CC0E1CCC133B001FF12E /* Booru.swift */; };
		5D88CC131CCC14DC001FF12E /* GridStyleController.swift in Sources */ = {isa = PBXBuildFile; fileRef = 5D88CC121CCC14DC001FF12E /* GridStyleController.swift */; };
		5D88CC151CCC177B001FF12E /* ColouredView.swift in Sources */ = {isa = PBXBuildFile; fileRef = 5D88CC141CCC177B001FF12E /* ColouredView.swift */; };
		5DAD29371CCD5EB300C3C747 /* BooruCollectionViewItem.swift in Sources */ = {isa = PBXBuildFile; fileRef = 5DAD29361CCD5EB300C3C747 /* BooruCollectionViewItem.swift */; };
		5DAD293A1CCD68CB00C3C747 /* RasterizedViews.swift in Sources */ = {isa = PBXBuildFile; fileRef = 5DAD29381CCD68CB00C3C747 /* RasterizedViews.swift */; };
		5DAD293D1CCD6AD400C3C747 /* BooruCollectionViewSelectionBox.swift in Sources */ = {isa = PBXBuildFile; fileRef = 5DAD293C1CCD6AD400C3C747 /* BooruCollectionViewSelectionBox.swift */; };
		5DAF1A5B1CDD23480090D654 /* ImageUtilities.swift in Sources */ = {isa = PBXBuildFile; fileRef = 5DAF1A5A1CDD23480090D654 /* ImageUtilities.swift */; };
		5DBDDD121CD910C00086E61D /* Extensions.swift in Sources */ = {isa = PBXBuildFile; fileRef = 5DBDDD111CD910C00086E61D /* Extensions.swift */; };
		AE23007B2009BFF800D6218D /* ImageDownloader.swift in Sources */ = {isa = PBXBuildFile; fileRef = AE23007A2009BFF800D6218D /* ImageDownloader.swift */; };
		AE329EC61E44C179003812FB /* PreferencesGeneralViewController.swift in Sources */ = {isa = PBXBuildFile; fileRef = AE329EC51E44C179003812FB /* PreferencesGeneralViewController.swift */; };
		AE329EC81E44C186003812FB /* PreferencesBoorusViewController.swift in Sources */ = {isa = PBXBuildFile; fileRef = AE329EC71E44C186003812FB /* PreferencesBoorusViewController.swift */; };
		AE9A56EE1FD72DFA0099D09E /* BooruWindow.swift in Sources */ = {isa = PBXBuildFile; fileRef = AE9A56ED1FD72DFA0099D09E /* BooruWindow.swift */; };
		AEA5A2171E13851400599CC5 /* BooruWindowController.swift in Sources */ = {isa = PBXBuildFile; fileRef = AEA5A2161E13851400599CC5 /* BooruWindowController.swift */; };
		AECAD3191DF4A1DA00E846EB /* BooruTitlebarView.swift in Sources */ = {isa = PBXBuildFile; fileRef = AECAD3181DF4A1DA00E846EB /* BooruTitlebarView.swift */; };
		AED6F58C1FD750D30036EDE8 /* BooruController.swift in Sources */ = {isa = PBXBuildFile; fileRef = AED6F58B1FD750D30036EDE8 /* BooruController.swift */; };
		AED6F58E1FD751280036EDE8 /* BrowserController.swift in Sources */ = {isa = PBXBuildFile; fileRef = AED6F58D1FD751280036EDE8 /* BrowserController.swift */; };
		AED6F5901FD7513C0036EDE8 /* ViewerController.swift in Sources */ = {isa = PBXBuildFile; fileRef = AED6F58F1FD7513C0036EDE8 /* ViewerController.swift */; };
		AED6F5921FD7514F0036EDE8 /* TagListController.swift in Sources */ = {isa = PBXBuildFile; fileRef = AED6F5911FD7514F0036EDE8 /* TagListController.swift */; };
		AED6F5941FD7515A0036EDE8 /* InfoBarController.swift in Sources */ = {isa = PBXBuildFile; fileRef = AED6F5931FD7515A0036EDE8 /* InfoBarController.swift */; };
		AED6F5961FD751680036EDE8 /* PostsController.swift in Sources */ = {isa = PBXBuildFile; fileRef = AED6F5951FD751680036EDE8 /* PostsController.swift */; };
		AED6F59A1FD754DF0036EDE8 /* IThemeable.swift in Sources */ = {isa = PBXBuildFile; fileRef = AED6F5991FD754DF0036EDE8 /* IThemeable.swift */; };
		AED6F59D1FD76A620036EDE8 /* PostsCollectionViewItem.swift in Sources */ = {isa = PBXBuildFile; fileRef = AED6F59B1FD76A620036EDE8 /* PostsCollectionViewItem.swift */; };
		AED6F59E1FD76A620036EDE8 /* PostsCollectionViewItem.xib in Resources */ = {isa = PBXBuildFile; fileRef = AED6F59C1FD76A620036EDE8 /* PostsCollectionViewItem.xib */; };
		EEBFB95BB7348EBF996CBBCD /* Pods_Booru_chanTests.framework in Frameworks */ = {isa = PBXBuildFile; fileRef = B6B031B9C7B964655AF51EC8 /* Pods_Booru_chanTests.framework */; };
		FB6C1D77A47309096678320F /* Pods_Booru_chan.framework in Frameworks */ = {isa = PBXBuildFile; fileRef = 834CCAD73A440142898C1721 /* Pods_Booru_chan.framework */; };
/* End PBXBuildFile section */

/* Begin PBXContainerItemProxy section */
		5D71B4A41CCC06EA0011C281 /* PBXContainerItemProxy */ = {
			isa = PBXContainerItemProxy;
			containerPortal = 5D71B48A1CCC06EA0011C281 /* Project object */;
			proxyType = 1;
			remoteGlobalIDString = 5D71B4911CCC06EA0011C281;
			remoteInfo = "Booru-chan";
		};
		5D71B4AF1CCC06EA0011C281 /* PBXContainerItemProxy */ = {
			isa = PBXContainerItemProxy;
			containerPortal = 5D71B48A1CCC06EA0011C281 /* Project object */;
			proxyType = 1;
			remoteGlobalIDString = 5D71B4911CCC06EA0011C281;
			remoteInfo = "Booru-chan";
		};
/* End PBXContainerItemProxy section */

/* Begin PBXFileReference section */
		1912C14B59AE49758042F927 /* Pods-Booru-chanUITests.debug.xcconfig */ = {isa = PBXFileReference; includeInIndex = 1; lastKnownFileType = text.xcconfig; name = "Pods-Booru-chanUITests.debug.xcconfig"; path = "Pods/Target Support Files/Pods-Booru-chanUITests/Pods-Booru-chanUITests.debug.xcconfig"; sourceTree = "<group>"; };
		1AF0498BBE423DFFA9BA6D23 /* Pods-Booru-chan.debug.xcconfig */ = {isa = PBXFileReference; includeInIndex = 1; lastKnownFileType = text.xcconfig; name = "Pods-Booru-chan.debug.xcconfig"; path = "Pods/Target Support Files/Pods-Booru-chan/Pods-Booru-chan.debug.xcconfig"; sourceTree = "<group>"; };
		2C4774D88353301D8C0DBEE0 /* Pods-Booru-chan.release.xcconfig */ = {isa = PBXFileReference; includeInIndex = 1; lastKnownFileType = text.xcconfig; name = "Pods-Booru-chan.release.xcconfig"; path = "Pods/Target Support Files/Pods-Booru-chan/Pods-Booru-chan.release.xcconfig"; sourceTree = "<group>"; };
		3C3DA1A4EC1266473AFC7E7A /* Pods-Booru-chanTests.release.xcconfig */ = {isa = PBXFileReference; includeInIndex = 1; lastKnownFileType = text.xcconfig; name = "Pods-Booru-chanTests.release.xcconfig"; path = "Pods/Target Support Files/Pods-Booru-chanTests/Pods-Booru-chanTests.release.xcconfig"; sourceTree = "<group>"; };
		5D0202671CD8EE3300A6E5D5 /* TagListTableViewData.swift */ = {isa = PBXFileReference; fileEncoding = 4; lastKnownFileType = sourcecode.swift; path = TagListTableViewData.swift; sourceTree = "<group>"; };
		5D0202691CD8EEE000A6E5D5 /* TagListTableViewController.swift */ = {isa = PBXFileReference; fileEncoding = 4; lastKnownFileType = sourcecode.swift; path = TagListTableViewController.swift; sourceTree = "<group>"; };
		5D02026B1CD8F22300A6E5D5 /* TagListTableViewCell.swift */ = {isa = PBXFileReference; fileEncoding = 4; lastKnownFileType = sourcecode.swift; path = TagListTableViewCell.swift; sourceTree = "<group>"; };
		5D1CC5871DC591C100E3988D /* ScaleToFitContentTokenField.swift */ = {isa = PBXFileReference; fileEncoding = 4; lastKnownFileType = sourcecode.swift; path = ScaleToFitContentTokenField.swift; sourceTree = "<group>"; };
		5D3288311CCE80D10029A57F /* BottomActionScrollView.swift */ = {isa = PBXFileReference; fileEncoding = 4; lastKnownFileType = sourcecode.swift; path = BottomActionScrollView.swift; sourceTree = "<group>"; };
		5D3288341CCE95710029A57F /* PreferencesObject.swift */ = {isa = PBXFileReference; fileEncoding = 4; lastKnownFileType = sourcecode.swift; path = PreferencesObject.swift; sourceTree = "<group>"; };
		5D47F5E21CCFE54D00FF8AA9 /* BooruSearchTokenField.swift */ = {isa = PBXFileReference; fileEncoding = 4; lastKnownFileType = sourcecode.swift; path = BooruSearchTokenField.swift; sourceTree = "<group>"; };
		5D71B4921CCC06EA0011C281 /* Booru-chan.app */ = {isa = PBXFileReference; explicitFileType = wrapper.application; includeInIndex = 0; path = "Booru-chan.app"; sourceTree = BUILT_PRODUCTS_DIR; };
		5D71B4951CCC06EA0011C281 /* AppDelegate.swift */ = {isa = PBXFileReference; lastKnownFileType = sourcecode.swift; path = AppDelegate.swift; sourceTree = "<group>"; };
		5D71B4971CCC06EA0011C281 /* BooruViewController.swift */ = {isa = PBXFileReference; lastKnownFileType = sourcecode.swift; path = BooruViewController.swift; sourceTree = "<group>"; };
		5D71B4991CCC06EA0011C281 /* Assets.xcassets */ = {isa = PBXFileReference; lastKnownFileType = folder.assetcatalog; path = Assets.xcassets; sourceTree = "<group>"; };
		5D71B49C1CCC06EA0011C281 /* Base */ = {isa = PBXFileReference; lastKnownFileType = file.storyboard; name = Base; path = Base.lproj/Main.storyboard; sourceTree = "<group>"; };
		5D71B49E1CCC06EA0011C281 /* Info.plist */ = {isa = PBXFileReference; lastKnownFileType = text.plist.xml; path = Info.plist; sourceTree = "<group>"; };
		5D71B4A31CCC06EA0011C281 /* Booru-chanTests.xctest */ = {isa = PBXFileReference; explicitFileType = wrapper.cfbundle; includeInIndex = 0; path = "Booru-chanTests.xctest"; sourceTree = BUILT_PRODUCTS_DIR; };
		5D71B4A71CCC06EA0011C281 /* Booru_chanTests.swift */ = {isa = PBXFileReference; lastKnownFileType = sourcecode.swift; path = Booru_chanTests.swift; sourceTree = "<group>"; };
		5D71B4A91CCC06EA0011C281 /* Info.plist */ = {isa = PBXFileReference; lastKnownFileType = text.plist.xml; path = Info.plist; sourceTree = "<group>"; };
		5D71B4AE1CCC06EA0011C281 /* Booru-chanUITests.xctest */ = {isa = PBXFileReference; explicitFileType = wrapper.cfbundle; includeInIndex = 0; path = "Booru-chanUITests.xctest"; sourceTree = BUILT_PRODUCTS_DIR; };
		5D71B4B21CCC06EA0011C281 /* Booru_chanUITests.swift */ = {isa = PBXFileReference; lastKnownFileType = sourcecode.swift; path = Booru_chanUITests.swift; sourceTree = "<group>"; };
		5D71B4B41CCC06EA0011C281 /* Info.plist */ = {isa = PBXFileReference; lastKnownFileType = text.plist.xml; path = Info.plist; sourceTree = "<group>"; };
		5D7CA38E1CCC0A8500B4A0A5 /* NoDividerSplitView.swift */ = {isa = PBXFileReference; fileEncoding = 4; lastKnownFileType = sourcecode.swift; path = NoDividerSplitView.swift; sourceTree = "<group>"; };
		5D7CA3901CCC0AFD00B4A0A5 /* AlwaysActiveViews.swift */ = {isa = PBXFileReference; fileEncoding = 4; lastKnownFileType = sourcecode.swift; path = AlwaysActiveViews.swift; sourceTree = "<group>"; };
		5D88CC0E1CCC133B001FF12E /* Booru.swift */ = {isa = PBXFileReference; fileEncoding = 4; lastKnownFileType = sourcecode.swift; path = Booru.swift; sourceTree = "<group>"; };
		5D88CC121CCC14DC001FF12E /* GridStyleController.swift */ = {isa = PBXFileReference; fileEncoding = 4; lastKnownFileType = sourcecode.swift; path = GridStyleController.swift; sourceTree = "<group>"; };
		5D88CC141CCC177B001FF12E /* ColouredView.swift */ = {isa = PBXFileReference; fileEncoding = 4; lastKnownFileType = sourcecode.swift; path = ColouredView.swift; sourceTree = "<group>"; };
		5DAD29361CCD5EB300C3C747 /* BooruCollectionViewItem.swift */ = {isa = PBXFileReference; fileEncoding = 4; lastKnownFileType = sourcecode.swift; path = BooruCollectionViewItem.swift; sourceTree = "<group>"; };
		5DAD29381CCD68CB00C3C747 /* RasterizedViews.swift */ = {isa = PBXFileReference; fileEncoding = 4; lastKnownFileType = sourcecode.swift; path = RasterizedViews.swift; sourceTree = "<group>"; };
		5DAD293C1CCD6AD400C3C747 /* BooruCollectionViewSelectionBox.swift */ = {isa = PBXFileReference; fileEncoding = 4; lastKnownFileType = sourcecode.swift; path = BooruCollectionViewSelectionBox.swift; sourceTree = "<group>"; };
		5DAF1A5A1CDD23480090D654 /* ImageUtilities.swift */ = {isa = PBXFileReference; fileEncoding = 4; lastKnownFileType = sourcecode.swift; path = ImageUtilities.swift; sourceTree = "<group>"; };
		5DBDDD111CD910C00086E61D /* Extensions.swift */ = {isa = PBXFileReference; fileEncoding = 4; lastKnownFileType = sourcecode.swift; path = Extensions.swift; sourceTree = "<group>"; };
		5F4FD8F272DEE171AFE7E6C5 /* Pods-Booru-chanTests.debug.xcconfig */ = {isa = PBXFileReference; includeInIndex = 1; lastKnownFileType = text.xcconfig; name = "Pods-Booru-chanTests.debug.xcconfig"; path = "Pods/Target Support Files/Pods-Booru-chanTests/Pods-Booru-chanTests.debug.xcconfig"; sourceTree = "<group>"; };
		834CCAD73A440142898C1721 /* Pods_Booru_chan.framework */ = {isa = PBXFileReference; explicitFileType = wrapper.framework; includeInIndex = 0; path = Pods_Booru_chan.framework; sourceTree = BUILT_PRODUCTS_DIR; };
		8BA72CEBEF391F5FED42B629 /* Pods-Booru-chanUITests.release.xcconfig */ = {isa = PBXFileReference; includeInIndex = 1; lastKnownFileType = text.xcconfig; name = "Pods-Booru-chanUITests.release.xcconfig"; path = "Pods/Target Support Files/Pods-Booru-chanUITests/Pods-Booru-chanUITests.release.xcconfig"; sourceTree = "<group>"; };
		AE23007A2009BFF800D6218D /* ImageDownloader.swift */ = {isa = PBXFileReference; lastKnownFileType = sourcecode.swift; path = ImageDownloader.swift; sourceTree = "<group>"; };
		AE329EC51E44C179003812FB /* PreferencesGeneralViewController.swift */ = {isa = PBXFileReference; fileEncoding = 4; lastKnownFileType = sourcecode.swift; path = PreferencesGeneralViewController.swift; sourceTree = "<group>"; };
		AE329EC71E44C186003812FB /* PreferencesBoorusViewController.swift */ = {isa = PBXFileReference; fileEncoding = 4; lastKnownFileType = sourcecode.swift; path = PreferencesBoorusViewController.swift; sourceTree = "<group>"; };
		AE75E5161DDE678E00937817 /* Booru-chan-Bridging-Header.h */ = {isa = PBXFileReference; lastKnownFileType = sourcecode.c.h; path = "Booru-chan-Bridging-Header.h"; sourceTree = "<group>"; };
		AE9A56ED1FD72DFA0099D09E /* BooruWindow.swift */ = {isa = PBXFileReference; lastKnownFileType = sourcecode.swift; path = BooruWindow.swift; sourceTree = "<group>"; };
		AEA5A2161E13851400599CC5 /* BooruWindowController.swift */ = {isa = PBXFileReference; fileEncoding = 4; lastKnownFileType = sourcecode.swift; path = BooruWindowController.swift; sourceTree = "<group>"; };
		AECAD3181DF4A1DA00E846EB /* BooruTitlebarView.swift */ = {isa = PBXFileReference; fileEncoding = 4; lastKnownFileType = sourcecode.swift; path = BooruTitlebarView.swift; sourceTree = "<group>"; };
		AED6F58B1FD750D30036EDE8 /* BooruController.swift */ = {isa = PBXFileReference; lastKnownFileType = sourcecode.swift; path = BooruController.swift; sourceTree = "<group>"; };
		AED6F58D1FD751280036EDE8 /* BrowserController.swift */ = {isa = PBXFileReference; lastKnownFileType = sourcecode.swift; path = BrowserController.swift; sourceTree = "<group>"; };
		AED6F58F1FD7513C0036EDE8 /* ViewerController.swift */ = {isa = PBXFileReference; lastKnownFileType = sourcecode.swift; path = ViewerController.swift; sourceTree = "<group>"; };
		AED6F5911FD7514F0036EDE8 /* TagListController.swift */ = {isa = PBXFileReference; lastKnownFileType = sourcecode.swift; path = TagListController.swift; sourceTree = "<group>"; };
		AED6F5931FD7515A0036EDE8 /* InfoBarController.swift */ = {isa = PBXFileReference; lastKnownFileType = sourcecode.swift; path = InfoBarController.swift; sourceTree = "<group>"; };
		AED6F5951FD751680036EDE8 /* PostsController.swift */ = {isa = PBXFileReference; lastKnownFileType = sourcecode.swift; path = PostsController.swift; sourceTree = "<group>"; };
		AED6F5991FD754DF0036EDE8 /* IThemeable.swift */ = {isa = PBXFileReference; lastKnownFileType = sourcecode.swift; path = IThemeable.swift; sourceTree = "<group>"; };
		AED6F59B1FD76A620036EDE8 /* PostsCollectionViewItem.swift */ = {isa = PBXFileReference; lastKnownFileType = sourcecode.swift; path = PostsCollectionViewItem.swift; sourceTree = "<group>"; };
		AED6F59C1FD76A620036EDE8 /* PostsCollectionViewItem.xib */ = {isa = PBXFileReference; lastKnownFileType = file.xib; path = PostsCollectionViewItem.xib; sourceTree = "<group>"; };
		B6B031B9C7B964655AF51EC8 /* Pods_Booru_chanTests.framework */ = {isa = PBXFileReference; explicitFileType = wrapper.framework; includeInIndex = 0; path = Pods_Booru_chanTests.framework; sourceTree = BUILT_PRODUCTS_DIR; };
		C0C9F1C05F609B24EF821597 /* Pods_Booru_chanUITests.framework */ = {isa = PBXFileReference; explicitFileType = wrapper.framework; includeInIndex = 0; path = Pods_Booru_chanUITests.framework; sourceTree = BUILT_PRODUCTS_DIR; };
/* End PBXFileReference section */

/* Begin PBXFrameworksBuildPhase section */
		5D71B48F1CCC06EA0011C281 /* Frameworks */ = {
			isa = PBXFrameworksBuildPhase;
			buildActionMask = 2147483647;
			files = (
				FB6C1D77A47309096678320F /* Pods_Booru_chan.framework in Frameworks */,
			);
			runOnlyForDeploymentPostprocessing = 0;
		};
		5D71B4A01CCC06EA0011C281 /* Frameworks */ = {
			isa = PBXFrameworksBuildPhase;
			buildActionMask = 2147483647;
			files = (
				EEBFB95BB7348EBF996CBBCD /* Pods_Booru_chanTests.framework in Frameworks */,
			);
			runOnlyForDeploymentPostprocessing = 0;
		};
		5D71B4AB1CCC06EA0011C281 /* Frameworks */ = {
			isa = PBXFrameworksBuildPhase;
			buildActionMask = 2147483647;
			files = (
				13647380ADB5DF7F2E179436 /* Pods_Booru_chanUITests.framework in Frameworks */,
			);
			runOnlyForDeploymentPostprocessing = 0;
		};
/* End PBXFrameworksBuildPhase section */

/* Begin PBXGroup section */
		2DB05A16AA04D587AF2870D6 /* Pods */ = {
			isa = PBXGroup;
			children = (
				1AF0498BBE423DFFA9BA6D23 /* Pods-Booru-chan.debug.xcconfig */,
				2C4774D88353301D8C0DBEE0 /* Pods-Booru-chan.release.xcconfig */,
				5F4FD8F272DEE171AFE7E6C5 /* Pods-Booru-chanTests.debug.xcconfig */,
				3C3DA1A4EC1266473AFC7E7A /* Pods-Booru-chanTests.release.xcconfig */,
				1912C14B59AE49758042F927 /* Pods-Booru-chanUITests.debug.xcconfig */,
				8BA72CEBEF391F5FED42B629 /* Pods-Booru-chanUITests.release.xcconfig */,
			);
			name = Pods;
			sourceTree = "<group>";
		};
		5D3288331CCE95580029A57F /* Objects */ = {
			isa = PBXGroup;
			children = (
				5D3288341CCE95710029A57F /* PreferencesObject.swift */,
				5D0202671CD8EE3300A6E5D5 /* TagListTableViewData.swift */,
				AE23007A2009BFF800D6218D /* ImageDownloader.swift */,
			);
			name = Objects;
			sourceTree = "<group>";
		};
		5D71B4891CCC06EA0011C281 = {
			isa = PBXGroup;
			children = (
				5D71B4941CCC06EA0011C281 /* Booru-chan */,
				5D71B4A61CCC06EA0011C281 /* Booru-chanTests */,
				5D71B4B11CCC06EA0011C281 /* Booru-chanUITests */,
				5D71B4931CCC06EA0011C281 /* Products */,
				2DB05A16AA04D587AF2870D6 /* Pods */,
				906BC4A7E35DA57B2C942600 /* Frameworks */,
			);
			sourceTree = "<group>";
		};
		5D71B4931CCC06EA0011C281 /* Products */ = {
			isa = PBXGroup;
			children = (
				5D71B4921CCC06EA0011C281 /* Booru-chan.app */,
				5D71B4A31CCC06EA0011C281 /* Booru-chanTests.xctest */,
				5D71B4AE1CCC06EA0011C281 /* Booru-chanUITests.xctest */,
			);
			name = Products;
			sourceTree = "<group>";
		};
		5D71B4941CCC06EA0011C281 /* Booru-chan */ = {
			isa = PBXGroup;
			children = (
				5D71B4951CCC06EA0011C281 /* AppDelegate.swift */,
				5D71B4971CCC06EA0011C281 /* BooruViewController.swift */,
				AEA5A2161E13851400599CC5 /* BooruWindowController.swift */,
				AE9A56ED1FD72DFA0099D09E /* BooruWindow.swift */,
				5D7CA38D1CCC0A6E00B4A0A5 /* Storyboards */,
				5D3288331CCE95580029A57F /* Objects */,
				AED6F5981FD754C10036EDE8 /* Protocols */,
				5D7CA38C1CCC0A6800B4A0A5 /* Views */,
				5D7CA3921CCC128C00B4A0A5 /* Utilities */,
				5D88CC101CCC14B2001FF12E /* Controllers */,
				AE75E5161DDE678E00937817 /* Booru-chan-Bridging-Header.h */,
				5D71B4991CCC06EA0011C281 /* Assets.xcassets */,
				5D71B49E1CCC06EA0011C281 /* Info.plist */,
			);
			path = "Booru-chan";
			sourceTree = "<group>";
		};
		5D71B4A61CCC06EA0011C281 /* Booru-chanTests */ = {
			isa = PBXGroup;
			children = (
				5D71B4A71CCC06EA0011C281 /* Booru_chanTests.swift */,
				5D71B4A91CCC06EA0011C281 /* Info.plist */,
			);
			path = "Booru-chanTests";
			sourceTree = "<group>";
		};
		5D71B4B11CCC06EA0011C281 /* Booru-chanUITests */ = {
			isa = PBXGroup;
			children = (
				5D71B4B21CCC06EA0011C281 /* Booru_chanUITests.swift */,
				5D71B4B41CCC06EA0011C281 /* Info.plist */,
			);
			path = "Booru-chanUITests";
			sourceTree = "<group>";
		};
		5D7CA38C1CCC0A6800B4A0A5 /* Views */ = {
			isa = PBXGroup;
			children = (
				5D7CA38E1CCC0A8500B4A0A5 /* NoDividerSplitView.swift */,
				5D7CA3901CCC0AFD00B4A0A5 /* AlwaysActiveViews.swift */,
				5D88CC141CCC177B001FF12E /* ColouredView.swift */,
				5DAD29381CCD68CB00C3C747 /* RasterizedViews.swift */,
				5DAD293C1CCD6AD400C3C747 /* BooruCollectionViewSelectionBox.swift */,
				5D3288311CCE80D10029A57F /* BottomActionScrollView.swift */,
				5D47F5E21CCFE54D00FF8AA9 /* BooruSearchTokenField.swift */,
				5D1CC5871DC591C100E3988D /* ScaleToFitContentTokenField.swift */,
				AECAD3181DF4A1DA00E846EB /* BooruTitlebarView.swift */,
			);
			name = Views;
			sourceTree = "<group>";
		};
		5D7CA38D1CCC0A6E00B4A0A5 /* Storyboards */ = {
			isa = PBXGroup;
			children = (
				5D71B49B1CCC06EA0011C281 /* Main.storyboard */,
			);
			name = Storyboards;
			sourceTree = "<group>";
		};
		5D7CA3921CCC128C00B4A0A5 /* Utilities */ = {
			isa = PBXGroup;
			children = (
				5D88CC0E1CCC133B001FF12E /* Booru.swift */,
				5DBDDD111CD910C00086E61D /* Extensions.swift */,
				5DAF1A5A1CDD23480090D654 /* ImageUtilities.swift */,
			);
			name = Utilities;
			sourceTree = "<group>";
		};
		5D88CC101CCC14B2001FF12E /* Controllers */ = {
			isa = PBXGroup;
			children = (
				5D976B271CDA45A400191679 /* Preferences */,
				AED6F58A1FD7507B0036EDE8 /* Booru */,
				5D88CC111CCC14C1001FF12E /* Grid Style Controller */,
			);
			name = Controllers;
			sourceTree = "<group>";
		};
		5D88CC111CCC14C1001FF12E /* Grid Style Controller */ = {
			isa = PBXGroup;
			children = (
				5D88CC121CCC14DC001FF12E /* GridStyleController.swift */,
				5DAD29361CCD5EB300C3C747 /* BooruCollectionViewItem.swift */,
				5D0202691CD8EEE000A6E5D5 /* TagListTableViewController.swift */,
				5D02026B1CD8F22300A6E5D5 /* TagListTableViewCell.swift */,
			);
			name = "Grid Style Controller";
			sourceTree = "<group>";
		};
		5D976B271CDA45A400191679 /* Preferences */ = {
			isa = PBXGroup;
			children = (
				AE329EC51E44C179003812FB /* PreferencesGeneralViewController.swift */,
				AE329EC71E44C186003812FB /* PreferencesBoorusViewController.swift */,
			);
			name = Preferences;
			sourceTree = "<group>";
		};
		906BC4A7E35DA57B2C942600 /* Frameworks */ = {
			isa = PBXGroup;
			children = (
				834CCAD73A440142898C1721 /* Pods_Booru_chan.framework */,
				B6B031B9C7B964655AF51EC8 /* Pods_Booru_chanTests.framework */,
				C0C9F1C05F609B24EF821597 /* Pods_Booru_chanUITests.framework */,
			);
			name = Frameworks;
			sourceTree = "<group>";
		};
		AED6F58A1FD7507B0036EDE8 /* Booru */ = {
			isa = PBXGroup;
			children = (
				AED6F58B1FD750D30036EDE8 /* BooruController.swift */,
				AED6F58D1FD751280036EDE8 /* BrowserController.swift */,
				AED6F5951FD751680036EDE8 /* PostsController.swift */,
				AED6F59B1FD76A620036EDE8 /* PostsCollectionViewItem.swift */,
				AED6F59C1FD76A620036EDE8 /* PostsCollectionViewItem.xib */,
				AED6F5931FD7515A0036EDE8 /* InfoBarController.swift */,
				AED6F5911FD7514F0036EDE8 /* TagListController.swift */,
				AED6F58F1FD7513C0036EDE8 /* ViewerController.swift */,
			);
			name = Booru;
			sourceTree = "<group>";
		};
		AED6F5981FD754C10036EDE8 /* Protocols */ = {
			isa = PBXGroup;
			children = (
				AED6F5991FD754DF0036EDE8 /* IThemeable.swift */,
			);
			name = Protocols;
			sourceTree = "<group>";
		};
/* End PBXGroup section */

/* Begin PBXNativeTarget section */
		5D71B4911CCC06EA0011C281 /* Booru-chan */ = {
			isa = PBXNativeTarget;
			buildConfigurationList = 5D71B4B71CCC06EA0011C281 /* Build configuration list for PBXNativeTarget "Booru-chan" */;
			buildPhases = (
				40304E1D91F318F19C3B2F90 /* [CP] Check Pods Manifest.lock */,
				5D71B48E1CCC06EA0011C281 /* Sources */,
				5D71B48F1CCC06EA0011C281 /* Frameworks */,
				5D71B4901CCC06EA0011C281 /* Resources */,
				30EE38D32C9283F5B9A5C952 /* [CP] Embed Pods Frameworks */,
				2093A6CEFF563B45328A25D7 /* [CP] Copy Pods Resources */,
			);
			buildRules = (
			);
			dependencies = (
			);
			name = "Booru-chan";
			productName = "Booru-chan";
			productReference = 5D71B4921CCC06EA0011C281 /* Booru-chan.app */;
			productType = "com.apple.product-type.application";
		};
		5D71B4A21CCC06EA0011C281 /* Booru-chanTests */ = {
			isa = PBXNativeTarget;
			buildConfigurationList = 5D71B4BA1CCC06EA0011C281 /* Build configuration list for PBXNativeTarget "Booru-chanTests" */;
			buildPhases = (
				933AA273487771157E122ACB /* [CP] Check Pods Manifest.lock */,
				5D71B49F1CCC06EA0011C281 /* Sources */,
				5D71B4A01CCC06EA0011C281 /* Frameworks */,
				5D71B4A11CCC06EA0011C281 /* Resources */,
				CAE3747AE2EC515D025A36F1 /* [CP] Embed Pods Frameworks */,
				855A95187AF50A488C0C83FF /* [CP] Copy Pods Resources */,
			);
			buildRules = (
			);
			dependencies = (
				5D71B4A51CCC06EA0011C281 /* PBXTargetDependency */,
			);
			name = "Booru-chanTests";
			productName = "Booru-chanTests";
			productReference = 5D71B4A31CCC06EA0011C281 /* Booru-chanTests.xctest */;
			productType = "com.apple.product-type.bundle.unit-test";
		};
		5D71B4AD1CCC06EA0011C281 /* Booru-chanUITests */ = {
			isa = PBXNativeTarget;
			buildConfigurationList = 5D71B4BD1CCC06EA0011C281 /* Build configuration list for PBXNativeTarget "Booru-chanUITests" */;
			buildPhases = (
				8673B34D34BFAA1788B4FFDF /* [CP] Check Pods Manifest.lock */,
				5D71B4AA1CCC06EA0011C281 /* Sources */,
				5D71B4AB1CCC06EA0011C281 /* Frameworks */,
				5D71B4AC1CCC06EA0011C281 /* Resources */,
				79CE056E8F9EA7D7903DF626 /* [CP] Embed Pods Frameworks */,
				C46E901047864BFB5A91503D /* [CP] Copy Pods Resources */,
			);
			buildRules = (
			);
			dependencies = (
				5D71B4B01CCC06EA0011C281 /* PBXTargetDependency */,
			);
			name = "Booru-chanUITests";
			productName = "Booru-chanUITests";
			productReference = 5D71B4AE1CCC06EA0011C281 /* Booru-chanUITests.xctest */;
			productType = "com.apple.product-type.bundle.ui-testing";
		};
/* End PBXNativeTarget section */

/* Begin PBXProject section */
		5D71B48A1CCC06EA0011C281 /* Project object */ = {
			isa = PBXProject;
			attributes = {
				LastSwiftUpdateCheck = 0720;
				LastUpgradeCheck = 0910;
				ORGANIZATIONNAME = DrabWeb;
				TargetAttributes = {
					5D71B4911CCC06EA0011C281 = {
						CreatedOnToolsVersion = 7.2;
						LastSwiftMigration = 0910;
					};
					5D71B4A21CCC06EA0011C281 = {
						CreatedOnToolsVersion = 7.2;
						LastSwiftMigration = 0910;
						TestTargetID = 5D71B4911CCC06EA0011C281;
					};
					5D71B4AD1CCC06EA0011C281 = {
						CreatedOnToolsVersion = 7.2;
						LastSwiftMigration = 0910;
						TestTargetID = 5D71B4911CCC06EA0011C281;
					};
				};
			};
			buildConfigurationList = 5D71B48D1CCC06EA0011C281 /* Build configuration list for PBXProject "Booru-chan" */;
			compatibilityVersion = "Xcode 3.2";
			developmentRegion = English;
			hasScannedForEncodings = 0;
			knownRegions = (
				en,
				Base,
			);
			mainGroup = 5D71B4891CCC06EA0011C281;
			productRefGroup = 5D71B4931CCC06EA0011C281 /* Products */;
			projectDirPath = "";
			projectRoot = "";
			targets = (
				5D71B4911CCC06EA0011C281 /* Booru-chan */,
				5D71B4A21CCC06EA0011C281 /* Booru-chanTests */,
				5D71B4AD1CCC06EA0011C281 /* Booru-chanUITests */,
			);
		};
/* End PBXProject section */

/* Begin PBXResourcesBuildPhase section */
		5D71B4901CCC06EA0011C281 /* Resources */ = {
			isa = PBXResourcesBuildPhase;
			buildActionMask = 2147483647;
			files = (
				AED6F59E1FD76A620036EDE8 /* PostsCollectionViewItem.xib in Resources */,
				5D71B49A1CCC06EA0011C281 /* Assets.xcassets in Resources */,
				5D71B49D1CCC06EA0011C281 /* Main.storyboard in Resources */,
			);
			runOnlyForDeploymentPostprocessing = 0;
		};
		5D71B4A11CCC06EA0011C281 /* Resources */ = {
			isa = PBXResourcesBuildPhase;
			buildActionMask = 2147483647;
			files = (
			);
			runOnlyForDeploymentPostprocessing = 0;
		};
		5D71B4AC1CCC06EA0011C281 /* Resources */ = {
			isa = PBXResourcesBuildPhase;
			buildActionMask = 2147483647;
			files = (
			);
			runOnlyForDeploymentPostprocessing = 0;
		};
/* End PBXResourcesBuildPhase section */

/* Begin PBXShellScriptBuildPhase section */
		2093A6CEFF563B45328A25D7 /* [CP] Copy Pods Resources */ = {
			isa = PBXShellScriptBuildPhase;
			buildActionMask = 2147483647;
			files = (
			);
			inputPaths = (
			);
			name = "[CP] Copy Pods Resources";
			outputPaths = (
			);
			runOnlyForDeploymentPostprocessing = 0;
			shellPath = /bin/sh;
			shellScript = "\"${SRCROOT}/Pods/Target Support Files/Pods-Booru-chan/Pods-Booru-chan-resources.sh\"\n";
			showEnvVarsInLog = 0;
		};
		30EE38D32C9283F5B9A5C952 /* [CP] Embed Pods Frameworks */ = {
			isa = PBXShellScriptBuildPhase;
			buildActionMask = 2147483647;
			files = (
			);
			inputPaths = (
				"${SRCROOT}/Pods/Target Support Files/Pods-Booru-chan/Pods-Booru-chan-frameworks.sh",
				"${BUILT_PRODUCTS_DIR}/Alamofire/Alamofire.framework",
				"${BUILT_PRODUCTS_DIR}/SWXMLHash/SWXMLHash.framework",
				"${BUILT_PRODUCTS_DIR}/SwiftyJSON/SwiftyJSON.framework",
			);
			name = "[CP] Embed Pods Frameworks";
			outputPaths = (
				"${TARGET_BUILD_DIR}/${FRAMEWORKS_FOLDER_PATH}/Alamofire.framework",
				"${TARGET_BUILD_DIR}/${FRAMEWORKS_FOLDER_PATH}/SWXMLHash.framework",
				"${TARGET_BUILD_DIR}/${FRAMEWORKS_FOLDER_PATH}/SwiftyJSON.framework",
			);
			runOnlyForDeploymentPostprocessing = 0;
			shellPath = /bin/sh;
			shellScript = "\"${SRCROOT}/Pods/Target Support Files/Pods-Booru-chan/Pods-Booru-chan-frameworks.sh\"\n";
			showEnvVarsInLog = 0;
		};
		40304E1D91F318F19C3B2F90 /* [CP] Check Pods Manifest.lock */ = {
			isa = PBXShellScriptBuildPhase;
			buildActionMask = 2147483647;
			files = (
			);
			inputPaths = (
				"${PODS_PODFILE_DIR_PATH}/Podfile.lock",
				"${PODS_ROOT}/Manifest.lock",
			);
			name = "[CP] Check Pods Manifest.lock";
			outputPaths = (
				"$(DERIVED_FILE_DIR)/Pods-Booru-chan-checkManifestLockResult.txt",
			);
			runOnlyForDeploymentPostprocessing = 0;
			shellPath = /bin/sh;
			shellScript = "diff \"${PODS_PODFILE_DIR_PATH}/Podfile.lock\" \"${PODS_ROOT}/Manifest.lock\" > /dev/null\nif [ $? != 0 ] ; then\n    # print error to STDERR\n    echo \"error: The sandbox is not in sync with the Podfile.lock. Run 'pod install' or update your CocoaPods installation.\" >&2\n    exit 1\nfi\n# This output is used by Xcode 'outputs' to avoid re-running this script phase.\necho \"SUCCESS\" > \"${SCRIPT_OUTPUT_FILE_0}\"\n";
			showEnvVarsInLog = 0;
		};
		79CE056E8F9EA7D7903DF626 /* [CP] Embed Pods Frameworks */ = {
			isa = PBXShellScriptBuildPhase;
			buildActionMask = 2147483647;
			files = (
			);
			inputPaths = (
			);
			name = "[CP] Embed Pods Frameworks";
			outputPaths = (
			);
			runOnlyForDeploymentPostprocessing = 0;
			shellPath = /bin/sh;
			shellScript = "\"${SRCROOT}/Pods/Target Support Files/Pods-Booru-chanUITests/Pods-Booru-chanUITests-frameworks.sh\"\n";
			showEnvVarsInLog = 0;
		};
		855A95187AF50A488C0C83FF /* [CP] Copy Pods Resources */ = {
			isa = PBXShellScriptBuildPhase;
			buildActionMask = 2147483647;
			files = (
			);
			inputPaths = (
			);
			name = "[CP] Copy Pods Resources";
			outputPaths = (
			);
			runOnlyForDeploymentPostprocessing = 0;
			shellPath = /bin/sh;
			shellScript = "\"${SRCROOT}/Pods/Target Support Files/Pods-Booru-chanTests/Pods-Booru-chanTests-resources.sh\"\n";
			showEnvVarsInLog = 0;
		};
		8673B34D34BFAA1788B4FFDF /* [CP] Check Pods Manifest.lock */ = {
			isa = PBXShellScriptBuildPhase;
			buildActionMask = 2147483647;
			files = (
			);
			inputPaths = (
				"${PODS_PODFILE_DIR_PATH}/Podfile.lock",
				"${PODS_ROOT}/Manifest.lock",
			);
			name = "[CP] Check Pods Manifest.lock";
			outputPaths = (
				"$(DERIVED_FILE_DIR)/Pods-Booru-chanUITests-checkManifestLockResult.txt",
			);
			runOnlyForDeploymentPostprocessing = 0;
			shellPath = /bin/sh;
			shellScript = "diff \"${PODS_PODFILE_DIR_PATH}/Podfile.lock\" \"${PODS_ROOT}/Manifest.lock\" > /dev/null\nif [ $? != 0 ] ; then\n    # print error to STDERR\n    echo \"error: The sandbox is not in sync with the Podfile.lock. Run 'pod install' or update your CocoaPods installation.\" >&2\n    exit 1\nfi\n# This output is used by Xcode 'outputs' to avoid re-running this script phase.\necho \"SUCCESS\" > \"${SCRIPT_OUTPUT_FILE_0}\"\n";
			showEnvVarsInLog = 0;
		};
		933AA273487771157E122ACB /* [CP] Check Pods Manifest.lock */ = {
			isa = PBXShellScriptBuildPhase;
			buildActionMask = 2147483647;
			files = (
			);
			inputPaths = (
				"${PODS_PODFILE_DIR_PATH}/Podfile.lock",
				"${PODS_ROOT}/Manifest.lock",
			);
			name = "[CP] Check Pods Manifest.lock";
			outputPaths = (
				"$(DERIVED_FILE_DIR)/Pods-Booru-chanTests-checkManifestLockResult.txt",
			);
			runOnlyForDeploymentPostprocessing = 0;
			shellPath = /bin/sh;
			shellScript = "diff \"${PODS_PODFILE_DIR_PATH}/Podfile.lock\" \"${PODS_ROOT}/Manifest.lock\" > /dev/null\nif [ $? != 0 ] ; then\n    # print error to STDERR\n    echo \"error: The sandbox is not in sync with the Podfile.lock. Run 'pod install' or update your CocoaPods installation.\" >&2\n    exit 1\nfi\n# This output is used by Xcode 'outputs' to avoid re-running this script phase.\necho \"SUCCESS\" > \"${SCRIPT_OUTPUT_FILE_0}\"\n";
			showEnvVarsInLog = 0;
		};
		C46E901047864BFB5A91503D /* [CP] Copy Pods Resources */ = {
			isa = PBXShellScriptBuildPhase;
			buildActionMask = 2147483647;
			files = (
			);
			inputPaths = (
			);
			name = "[CP] Copy Pods Resources";
			outputPaths = (
			);
			runOnlyForDeploymentPostprocessing = 0;
			shellPath = /bin/sh;
			shellScript = "\"${SRCROOT}/Pods/Target Support Files/Pods-Booru-chanUITests/Pods-Booru-chanUITests-resources.sh\"\n";
			showEnvVarsInLog = 0;
		};
		CAE3747AE2EC515D025A36F1 /* [CP] Embed Pods Frameworks */ = {
			isa = PBXShellScriptBuildPhase;
			buildActionMask = 2147483647;
			files = (
			);
			inputPaths = (
			);
			name = "[CP] Embed Pods Frameworks";
			outputPaths = (
			);
			runOnlyForDeploymentPostprocessing = 0;
			shellPath = /bin/sh;
			shellScript = "\"${SRCROOT}/Pods/Target Support Files/Pods-Booru-chanTests/Pods-Booru-chanTests-frameworks.sh\"\n";
			showEnvVarsInLog = 0;
		};
/* End PBXShellScriptBuildPhase section */

/* Begin PBXSourcesBuildPhase section */
		5D71B48E1CCC06EA0011C281 /* Sources */ = {
			isa = PBXSourcesBuildPhase;
			buildActionMask = 2147483647;
			files = (
				AEA5A2171E13851400599CC5 /* BooruWindowController.swift in Sources */,
				5D71B4981CCC06EA0011C281 /* BooruViewController.swift in Sources */,
				AED6F5921FD7514F0036EDE8 /* TagListController.swift in Sources */,
				5DAF1A5B1CDD23480090D654 /* ImageUtilities.swift in Sources */,
				5DAD29371CCD5EB300C3C747 /* BooruCollectionViewItem.swift in Sources */,
				AED6F58E1FD751280036EDE8 /* BrowserController.swift in Sources */,
				5D3288351CCE95710029A57F /* PreferencesObject.swift in Sources */,
				AED6F59D1FD76A620036EDE8 /* PostsCollectionViewItem.swift in Sources */,
				5D71B4961CCC06EA0011C281 /* AppDelegate.swift in Sources */,
				5D02026A1CD8EEE000A6E5D5 /* TagListTableViewController.swift in Sources */,
				5D47F5E31CCFE54D00FF8AA9 /* BooruSearchTokenField.swift in Sources */,
				5D02026C1CD8F22300A6E5D5 /* TagListTableViewCell.swift in Sources */,
				AED6F5941FD7515A0036EDE8 /* InfoBarController.swift in Sources */,
				AED6F5901FD7513C0036EDE8 /* ViewerController.swift in Sources */,
				AED6F5961FD751680036EDE8 /* PostsController.swift in Sources */,
				AED6F58C1FD750D30036EDE8 /* BooruController.swift in Sources */,
				AECAD3191DF4A1DA00E846EB /* BooruTitlebarView.swift in Sources */,
				AED6F59A1FD754DF0036EDE8 /* IThemeable.swift in Sources */,
				5D1CC5881DC591C100E3988D /* ScaleToFitContentTokenField.swift in Sources */,
				5D3288321CCE80D10029A57F /* BottomActionScrollView.swift in Sources */,
				5D88CC151CCC177B001FF12E /* ColouredView.swift in Sources */,
				5DAD293D1CCD6AD400C3C747 /* BooruCollectionViewSelectionBox.swift in Sources */,
				5D0202681CD8EE3300A6E5D5 /* TagListTableViewData.swift in Sources */,
				5D88CC0F1CCC133B001FF12E /* Booru.swift in Sources */,
				AE329EC81E44C186003812FB /* PreferencesBoorusViewController.swift in Sources */,
				5D88CC131CCC14DC001FF12E /* GridStyleController.swift in Sources */,
				5DBDDD121CD910C00086E61D /* Extensions.swift in Sources */,
				5D7CA38F1CCC0A8500B4A0A5 /* NoDividerSplitView.swift in Sources */,
				AE23007B2009BFF800D6218D /* ImageDownloader.swift in Sources */,
				5D7CA3911CCC0AFD00B4A0A5 /* AlwaysActiveViews.swift in Sources */,
				AE9A56EE1FD72DFA0099D09E /* BooruWindow.swift in Sources */,
				5DAD293A1CCD68CB00C3C747 /* RasterizedViews.swift in Sources */,
				AE329EC61E44C179003812FB /* PreferencesGeneralViewController.swift in Sources */,
			);
			runOnlyForDeploymentPostprocessing = 0;
		};
		5D71B49F1CCC06EA0011C281 /* Sources */ = {
			isa = PBXSourcesBuildPhase;
			buildActionMask = 2147483647;
			files = (
				5D71B4A81CCC06EA0011C281 /* Booru_chanTests.swift in Sources */,
			);
			runOnlyForDeploymentPostprocessing = 0;
		};
		5D71B4AA1CCC06EA0011C281 /* Sources */ = {
			isa = PBXSourcesBuildPhase;
			buildActionMask = 2147483647;
			files = (
				5D71B4B31CCC06EA0011C281 /* Booru_chanUITests.swift in Sources */,
			);
			runOnlyForDeploymentPostprocessing = 0;
		};
/* End PBXSourcesBuildPhase section */

/* Begin PBXTargetDependency section */
		5D71B4A51CCC06EA0011C281 /* PBXTargetDependency */ = {
			isa = PBXTargetDependency;
			target = 5D71B4911CCC06EA0011C281 /* Booru-chan */;
			targetProxy = 5D71B4A41CCC06EA0011C281 /* PBXContainerItemProxy */;
		};
		5D71B4B01CCC06EA0011C281 /* PBXTargetDependency */ = {
			isa = PBXTargetDependency;
			target = 5D71B4911CCC06EA0011C281 /* Booru-chan */;
			targetProxy = 5D71B4AF1CCC06EA0011C281 /* PBXContainerItemProxy */;
		};
/* End PBXTargetDependency section */

/* Begin PBXVariantGroup section */
		5D71B49B1CCC06EA0011C281 /* Main.storyboard */ = {
			isa = PBXVariantGroup;
			children = (
				5D71B49C1CCC06EA0011C281 /* Base */,
			);
			name = Main.storyboard;
			sourceTree = "<group>";
		};
/* End PBXVariantGroup section */

/* Begin XCBuildConfiguration section */
		5D71B4B51CCC06EA0011C281 /* Debug */ = {
			isa = XCBuildConfiguration;
			buildSettings = {
				ALWAYS_SEARCH_USER_PATHS = NO;
				CLANG_CXX_LANGUAGE_STANDARD = "gnu++0x";
				CLANG_CXX_LIBRARY = "libc++";
				CLANG_ENABLE_MODULES = YES;
				CLANG_ENABLE_OBJC_ARC = YES;
				CLANG_WARN_BLOCK_CAPTURE_AUTORELEASING = YES;
				CLANG_WARN_BOOL_CONVERSION = YES;
				CLANG_WARN_COMMA = YES;
				CLANG_WARN_CONSTANT_CONVERSION = YES;
				CLANG_WARN_DIRECT_OBJC_ISA_USAGE = YES_ERROR;
				CLANG_WARN_EMPTY_BODY = YES;
				CLANG_WARN_ENUM_CONVERSION = YES;
				CLANG_WARN_INFINITE_RECURSION = YES;
				CLANG_WARN_INT_CONVERSION = YES;
				CLANG_WARN_NON_LITERAL_NULL_CONVERSION = YES;
				CLANG_WARN_OBJC_LITERAL_CONVERSION = YES;
				CLANG_WARN_OBJC_ROOT_CLASS = YES_ERROR;
				CLANG_WARN_RANGE_LOOP_ANALYSIS = YES;
				CLANG_WARN_STRICT_PROTOTYPES = YES;
				CLANG_WARN_SUSPICIOUS_MOVE = YES;
				CLANG_WARN_UNREACHABLE_CODE = YES;
				CLANG_WARN__DUPLICATE_METHOD_MATCH = YES;
				CODE_SIGN_IDENTITY = "-";
				COPY_PHASE_STRIP = NO;
				DEBUG_INFORMATION_FORMAT = dwarf;
				ENABLE_STRICT_OBJC_MSGSEND = YES;
				ENABLE_TESTABILITY = YES;
				GCC_C_LANGUAGE_STANDARD = gnu99;
				GCC_DYNAMIC_NO_PIC = NO;
				GCC_NO_COMMON_BLOCKS = YES;
				GCC_OPTIMIZATION_LEVEL = 0;
				GCC_PREPROCESSOR_DEFINITIONS = (
					"DEBUG=1",
					"$(inherited)",
				);
				GCC_WARN_64_TO_32_BIT_CONVERSION = YES;
				GCC_WARN_ABOUT_RETURN_TYPE = YES_ERROR;
				GCC_WARN_UNDECLARED_SELECTOR = YES;
				GCC_WARN_UNINITIALIZED_AUTOS = YES_AGGRESSIVE;
				GCC_WARN_UNUSED_FUNCTION = YES;
				GCC_WARN_UNUSED_VARIABLE = YES;
				MACOSX_DEPLOYMENT_TARGET = 10.11;
				MTL_ENABLE_DEBUG_INFO = YES;
				ONLY_ACTIVE_ARCH = YES;
				SDKROOT = macosx;
				SWIFT_OPTIMIZATION_LEVEL = "-Onone";
			};
			name = Debug;
		};
		5D71B4B61CCC06EA0011C281 /* Release */ = {
			isa = XCBuildConfiguration;
			buildSettings = {
				ALWAYS_SEARCH_USER_PATHS = NO;
				CLANG_CXX_LANGUAGE_STANDARD = "gnu++0x";
				CLANG_CXX_LIBRARY = "libc++";
				CLANG_ENABLE_MODULES = YES;
				CLANG_ENABLE_OBJC_ARC = YES;
				CLANG_WARN_BLOCK_CAPTURE_AUTORELEASING = YES;
				CLANG_WARN_BOOL_CONVERSION = YES;
				CLANG_WARN_COMMA = YES;
				CLANG_WARN_CONSTANT_CONVERSION = YES;
				CLANG_WARN_DIRECT_OBJC_ISA_USAGE = YES_ERROR;
				CLANG_WARN_EMPTY_BODY = YES;
				CLANG_WARN_ENUM_CONVERSION = YES;
				CLANG_WARN_INFINITE_RECURSION = YES;
				CLANG_WARN_INT_CONVERSION = YES;
				CLANG_WARN_NON_LITERAL_NULL_CONVERSION = YES;
				CLANG_WARN_OBJC_LITERAL_CONVERSION = YES;
				CLANG_WARN_OBJC_ROOT_CLASS = YES_ERROR;
				CLANG_WARN_RANGE_LOOP_ANALYSIS = YES;
				CLANG_WARN_STRICT_PROTOTYPES = YES;
				CLANG_WARN_SUSPICIOUS_MOVE = YES;
				CLANG_WARN_UNREACHABLE_CODE = YES;
				CLANG_WARN__DUPLICATE_METHOD_MATCH = YES;
				CODE_SIGN_IDENTITY = "-";
				COPY_PHASE_STRIP = NO;
				DEBUG_INFORMATION_FORMAT = "dwarf-with-dsym";
				ENABLE_NS_ASSERTIONS = NO;
				ENABLE_STRICT_OBJC_MSGSEND = YES;
				GCC_C_LANGUAGE_STANDARD = gnu99;
				GCC_NO_COMMON_BLOCKS = YES;
				GCC_WARN_64_TO_32_BIT_CONVERSION = YES;
				GCC_WARN_ABOUT_RETURN_TYPE = YES_ERROR;
				GCC_WARN_UNDECLARED_SELECTOR = YES;
				GCC_WARN_UNINITIALIZED_AUTOS = YES_AGGRESSIVE;
				GCC_WARN_UNUSED_FUNCTION = YES;
				GCC_WARN_UNUSED_VARIABLE = YES;
				MACOSX_DEPLOYMENT_TARGET = 10.11;
				MTL_ENABLE_DEBUG_INFO = NO;
				SDKROOT = macosx;
				SWIFT_OPTIMIZATION_LEVEL = "-Owholemodule";
			};
			name = Release;
		};
		5D71B4B81CCC06EA0011C281 /* Debug */ = {
			isa = XCBuildConfiguration;
			baseConfigurationReference = 1AF0498BBE423DFFA9BA6D23 /* Pods-Booru-chan.debug.xcconfig */;
			buildSettings = {
				ALWAYS_EMBED_SWIFT_STANDARD_LIBRARIES = "$(inherited)";
				ASSETCATALOG_COMPILER_APPICON_NAME = AppIcon;
				CLANG_ENABLE_MODULES = YES;
				COMBINE_HIDPI_IMAGES = YES;
				INFOPLIST_FILE = "Booru-chan/Info.plist";
				LD_RUNPATH_SEARCH_PATHS = "$(inherited) @executable_path/../Frameworks";
				MACOSX_DEPLOYMENT_TARGET = 10.11;
				PRODUCT_BUNDLE_IDENTIFIER = "drabweb.Booru-chan";
				PRODUCT_NAME = "$(TARGET_NAME)";
				SWIFT_OBJC_BRIDGING_HEADER = "Booru-chan/Booru-chan-Bridging-Header.h";
				SWIFT_OPTIMIZATION_LEVEL = "-Onone";
				SWIFT_SWIFT3_OBJC_INFERENCE = Default;
				SWIFT_VERSION = 4.0;
			};
			name = Debug;
		};
		5D71B4B91CCC06EA0011C281 /* Release */ = {
			isa = XCBuildConfiguration;
			baseConfigurationReference = 2C4774D88353301D8C0DBEE0 /* Pods-Booru-chan.release.xcconfig */;
			buildSettings = {
				ALWAYS_EMBED_SWIFT_STANDARD_LIBRARIES = "$(inherited)";
				ASSETCATALOG_COMPILER_APPICON_NAME = AppIcon;
				CLANG_ENABLE_MODULES = YES;
				COMBINE_HIDPI_IMAGES = YES;
				INFOPLIST_FILE = "Booru-chan/Info.plist";
				LD_RUNPATH_SEARCH_PATHS = "$(inherited) @executable_path/../Frameworks";
				MACOSX_DEPLOYMENT_TARGET = 10.11;
				PRODUCT_BUNDLE_IDENTIFIER = "drabweb.Booru-chan";
				PRODUCT_NAME = "$(TARGET_NAME)";
				SWIFT_OBJC_BRIDGING_HEADER = "Booru-chan/Booru-chan-Bridging-Header.h";
				SWIFT_SWIFT3_OBJC_INFERENCE = Default;
				SWIFT_VERSION = 4.0;
			};
			name = Release;
		};
		5D71B4BB1CCC06EA0011C281 /* Debug */ = {
			isa = XCBuildConfiguration;
			baseConfigurationReference = 5F4FD8F272DEE171AFE7E6C5 /* Pods-Booru-chanTests.debug.xcconfig */;
			buildSettings = {
				BUNDLE_LOADER = "$(TEST_HOST)";
				COMBINE_HIDPI_IMAGES = YES;
				INFOPLIST_FILE = "Booru-chanTests/Info.plist";
				LD_RUNPATH_SEARCH_PATHS = "$(inherited) @executable_path/../Frameworks @loader_path/../Frameworks";
				PRODUCT_BUNDLE_IDENTIFIER = "drabweb.Booru-chanTests";
				PRODUCT_NAME = "$(TARGET_NAME)";
				SWIFT_SWIFT3_OBJC_INFERENCE = On;
				SWIFT_VERSION = 4.0;
				TEST_HOST = "$(BUILT_PRODUCTS_DIR)/Booru-chan.app/Contents/MacOS/Booru-chan";
			};
			name = Debug;
		};
		5D71B4BC1CCC06EA0011C281 /* Release */ = {
			isa = XCBuildConfiguration;
			baseConfigurationReference = 3C3DA1A4EC1266473AFC7E7A /* Pods-Booru-chanTests.release.xcconfig */;
			buildSettings = {
				BUNDLE_LOADER = "$(TEST_HOST)";
				COMBINE_HIDPI_IMAGES = YES;
				INFOPLIST_FILE = "Booru-chanTests/Info.plist";
				LD_RUNPATH_SEARCH_PATHS = "$(inherited) @executable_path/../Frameworks @loader_path/../Frameworks";
				PRODUCT_BUNDLE_IDENTIFIER = "drabweb.Booru-chanTests";
				PRODUCT_NAME = "$(TARGET_NAME)";
				SWIFT_SWIFT3_OBJC_INFERENCE = On;
				SWIFT_VERSION = 4.0;
				TEST_HOST = "$(BUILT_PRODUCTS_DIR)/Booru-chan.app/Contents/MacOS/Booru-chan";
			};
			name = Release;
		};
		5D71B4BE1CCC06EA0011C281 /* Debug */ = {
			isa = XCBuildConfiguration;
			baseConfigurationReference = 1912C14B59AE49758042F927 /* Pods-Booru-chanUITests.debug.xcconfig */;
			buildSettings = {
				COMBINE_HIDPI_IMAGES = YES;
				INFOPLIST_FILE = "Booru-chanUITests/Info.plist";
				LD_RUNPATH_SEARCH_PATHS = "$(inherited) @executable_path/../Frameworks @loader_path/../Frameworks";
				PRODUCT_BUNDLE_IDENTIFIER = "drabweb.Booru-chanUITests";
				PRODUCT_NAME = "$(TARGET_NAME)";
				SWIFT_SWIFT3_OBJC_INFERENCE = On;
				SWIFT_VERSION = 4.0;
				TEST_TARGET_NAME = "Booru-chan";
				USES_XCTRUNNER = YES;
			};
			name = Debug;
		};
		5D71B4BF1CCC06EA0011C281 /* Release */ = {
			isa = XCBuildConfiguration;
			baseConfigurationReference = 8BA72CEBEF391F5FED42B629 /* Pods-Booru-chanUITests.release.xcconfig */;
			buildSettings = {
				COMBINE_HIDPI_IMAGES = YES;
				INFOPLIST_FILE = "Booru-chanUITests/Info.plist";
				LD_RUNPATH_SEARCH_PATHS = "$(inherited) @executable_path/../Frameworks @loader_path/../Frameworks";
				PRODUCT_BUNDLE_IDENTIFIER = "drabweb.Booru-chanUITests";
				PRODUCT_NAME = "$(TARGET_NAME)";
				SWIFT_SWIFT3_OBJC_INFERENCE = On;
				SWIFT_VERSION = 4.0;
				TEST_TARGET_NAME = "Booru-chan";
				USES_XCTRUNNER = YES;
			};
			name = Release;
		};
/* End XCBuildConfiguration section */

/* Begin XCConfigurationList section */
		5D71B48D1CCC06EA0011C281 /* Build configuration list for PBXProject "Booru-chan" */ = {
			isa = XCConfigurationList;
			buildConfigurations = (
				5D71B4B51CCC06EA0011C281 /* Debug */,
				5D71B4B61CCC06EA0011C281 /* Release */,
			);
			defaultConfigurationIsVisible = 0;
			defaultConfigurationName = Release;
		};
		5D71B4B71CCC06EA0011C281 /* Build configuration list for PBXNativeTarget "Booru-chan" */ = {
			isa = XCConfigurationList;
			buildConfigurations = (
				5D71B4B81CCC06EA0011C281 /* Debug */,
				5D71B4B91CCC06EA0011C281 /* Release */,
			);
			defaultConfigurationIsVisible = 0;
			defaultConfigurationName = Release;
		};
		5D71B4BA1CCC06EA0011C281 /* Build configuration list for PBXNativeTarget "Booru-chanTests" */ = {
			isa = XCConfigurationList;
			buildConfigurations = (
				5D71B4BB1CCC06EA0011C281 /* Debug */,
				5D71B4BC1CCC06EA0011C281 /* Release */,
			);
			defaultConfigurationIsVisible = 0;
			defaultConfigurationName = Release;
		};
		5D71B4BD1CCC06EA0011C281 /* Build configuration list for PBXNativeTarget "Booru-chanUITests" */ = {
			isa = XCConfigurationList;
			buildConfigurations = (
				5D71B4BE1CCC06EA0011C281 /* Debug */,
				5D71B4BF1CCC06EA0011C281 /* Release */,
			);
			defaultConfigurationIsVisible = 0;
			defaultConfigurationName = Release;
		};
/* End XCConfigurationList section */
	};
	rootObject = 5D71B48A1CCC06EA0011C281 /* Project object */;
}
